// !$*UTF8*$!
{
	archiveVersion = 1;
	classes = {
	};
	objectVersion = 46;
	objects = {

/* Begin PBXBuildFile section */
		0B116CF25F73155659C73B0C /* Pods_WongYiuNam_DoctorUITests.framework in Frameworks */ = {isa = PBXBuildFile; fileRef = 38F45DCE1767B690EDAE3E46 /* Pods_WongYiuNam_DoctorUITests.framework */; };
		182F05C9F1E2EAFC2DA655DA /* Pods_WongYiuNam_Doctor.framework in Frameworks */ = {isa = PBXBuildFile; fileRef = C7FE7FF81F0C4B16C8B9B56A /* Pods_WongYiuNam_Doctor.framework */; };
		66EEFD571F5FDDFA00C5C77A /* AppDelegate.swift in Sources */ = {isa = PBXBuildFile; fileRef = 66EEFD561F5FDDFA00C5C77A /* AppDelegate.swift */; };
		66EEFD5E1F5FDDFA00C5C77A /* Assets.xcassets in Resources */ = {isa = PBXBuildFile; fileRef = 66EEFD5D1F5FDDFA00C5C77A /* Assets.xcassets */; };
		66EEFD611F5FDDFA00C5C77A /* LaunchScreen.storyboard in Resources */ = {isa = PBXBuildFile; fileRef = 66EEFD5F1F5FDDFA00C5C77A /* LaunchScreen.storyboard */; };
		66EEFD6C1F5FDDFA00C5C77A /* WongYiuNam_DoctorTests.swift in Sources */ = {isa = PBXBuildFile; fileRef = 66EEFD6B1F5FDDFA00C5C77A /* WongYiuNam_DoctorTests.swift */; };
		66EEFD771F5FDDFA00C5C77A /* WongYiuNam_DoctorUITests.swift in Sources */ = {isa = PBXBuildFile; fileRef = 66EEFD761F5FDDFA00C5C77A /* WongYiuNam_DoctorUITests.swift */; };
		84093AEC1F6BC0F200BE17AF /* RecordAnswerViewController.swift in Sources */ = {isa = PBXBuildFile; fileRef = 84093AEB1F6BC0F200BE17AF /* RecordAnswerViewController.swift */; };
		84093AEE1F6F9AC500BE17AF /* AudioToolbox.framework in Frameworks */ = {isa = PBXBuildFile; fileRef = 84093AED1F6F9AC500BE17AF /* AudioToolbox.framework */; };
		84093AF11F6F9B5000BE17AF /* AudioRecorderManager.swift in Sources */ = {isa = PBXBuildFile; fileRef = 84093AF01F6F9B5000BE17AF /* AudioRecorderManager.swift */; };
		8433E5261F679BE000C5AC21 /* Main.storyboard in Resources */ = {isa = PBXBuildFile; fileRef = 8433E5251F679BE000C5AC21 /* Main.storyboard */; };
		8433E52A1F679C3800C5AC21 /* NavBar.xib in Resources */ = {isa = PBXBuildFile; fileRef = 8433E5291F679C3800C5AC21 /* NavBar.xib */; };
		8433E52C1F67B23200C5AC21 /* NavBar.swift in Sources */ = {isa = PBXBuildFile; fileRef = 8433E52B1F67B23200C5AC21 /* NavBar.swift */; };
		8433E5301F67C4E700C5AC21 /* ConstraintExtension.swift in Sources */ = {isa = PBXBuildFile; fileRef = 8433E52F1F67C4E700C5AC21 /* ConstraintExtension.swift */; };
		8433E5361F67ECD600C5AC21 /* BaseViewController.swift in Sources */ = {isa = PBXBuildFile; fileRef = 8433E5351F67ECD600C5AC21 /* BaseViewController.swift */; };
		8433E5381F67F64300C5AC21 /* TextFieldExtension.swift in Sources */ = {isa = PBXBuildFile; fileRef = 8433E5371F67F64300C5AC21 /* TextFieldExtension.swift */; };
		843C2B711F7A0DC800F87A30 /* PendingQuestionViewModel.swift in Sources */ = {isa = PBXBuildFile; fileRef = 843C2B701F7A0DC800F87A30 /* PendingQuestionViewModel.swift */; };
		843C2B731F7A0DD400F87A30 /* WYNDotocPendingQuestion.swift in Sources */ = {isa = PBXBuildFile; fileRef = 843C2B721F7A0DD400F87A30 /* WYNDotocPendingQuestion.swift */; };
		843C2B751F7A0FD700F87A30 /* WYNLogedInUserInfo.swift in Sources */ = {isa = PBXBuildFile; fileRef = 843C2B741F7A0FD700F87A30 /* WYNLogedInUserInfo.swift */; };
		845CD2351F70ED760063ACB8 /* FreeForUserAlert.xib in Resources */ = {isa = PBXBuildFile; fileRef = 845CD2341F70ED760063ACB8 /* FreeForUserAlert.xib */; };
		848B8A081F6B908200538B00 /* LoginViewController.swift in Sources */ = {isa = PBXBuildFile; fileRef = 848B8A071F6B908200538B00 /* LoginViewController.swift */; };
		84A871BD1F68E3CD00F2ED7A /* API.swift in Sources */ = {isa = PBXBuildFile; fileRef = 84A871BC1F68E3CD00F2ED7A /* API.swift */; };
		84A871BF1F691AAD00F2ED7A /* WYNCheckBox.swift in Sources */ = {isa = PBXBuildFile; fileRef = 84A871BE1F691AAD00F2ED7A /* WYNCheckBox.swift */; };
		84A871C11F691BFF00F2ED7A /* ColorExtension.swift in Sources */ = {isa = PBXBuildFile; fileRef = 84A871C01F691BFF00F2ED7A /* ColorExtension.swift */; };
		84A871C31F69228900F2ED7A /* ProfileViewController.swift in Sources */ = {isa = PBXBuildFile; fileRef = 84A871C21F69228900F2ED7A /* ProfileViewController.swift */; };
		84A871C61F69305D00F2ED7A /* PendingQuestionCell.xib in Resources */ = {isa = PBXBuildFile; fileRef = 84A871C51F69305D00F2ED7A /* PendingQuestionCell.xib */; };
		84A871C81F693DE900F2ED7A /* PendingQuestionCell.swift in Sources */ = {isa = PBXBuildFile; fileRef = 84A871C71F693DE900F2ED7A /* PendingQuestionCell.swift */; };
		84A871CA1F6A339200F2ED7A /* PendingQuestionViewController.swift in Sources */ = {isa = PBXBuildFile; fileRef = 84A871C91F6A339200F2ED7A /* PendingQuestionViewController.swift */; };
		84A871CF1F6A7AD300F2ED7A /* QuestionCell.swift in Sources */ = {isa = PBXBuildFile; fileRef = 84A871CD1F6A7AD300F2ED7A /* QuestionCell.swift */; };
		84A871D01F6A7AD300F2ED7A /* QuestionCell.xib in Resources */ = {isa = PBXBuildFile; fileRef = 84A871CE1F6A7AD300F2ED7A /* QuestionCell.xib */; };
		A69DB035CD72DC1E39719B4B /* Pods_WongYiuNam_DoctorTests.framework in Frameworks */ = {isa = PBXBuildFile; fileRef = 404034F0304B4F0272E4DF21 /* Pods_WongYiuNam_DoctorTests.framework */; };
/* End PBXBuildFile section */

/* Begin PBXContainerItemProxy section */
		66EEFD681F5FDDFA00C5C77A /* PBXContainerItemProxy */ = {
			isa = PBXContainerItemProxy;
			containerPortal = 66EEFD4B1F5FDDFA00C5C77A /* Project object */;
			proxyType = 1;
			remoteGlobalIDString = 66EEFD521F5FDDFA00C5C77A;
			remoteInfo = "WongYiuNam-Doctor";
		};
		66EEFD731F5FDDFA00C5C77A /* PBXContainerItemProxy */ = {
			isa = PBXContainerItemProxy;
			containerPortal = 66EEFD4B1F5FDDFA00C5C77A /* Project object */;
			proxyType = 1;
			remoteGlobalIDString = 66EEFD521F5FDDFA00C5C77A;
			remoteInfo = "WongYiuNam-Doctor";
		};
/* End PBXContainerItemProxy section */

/* Begin PBXFileReference section */
		15FF0649DD0E7EB7825BC6E9 /* Pods-WongYiuNam-Doctor.debug.xcconfig */ = {isa = PBXFileReference; includeInIndex = 1; lastKnownFileType = text.xcconfig; name = "Pods-WongYiuNam-Doctor.debug.xcconfig"; path = "Pods/Target Support Files/Pods-WongYiuNam-Doctor/Pods-WongYiuNam-Doctor.debug.xcconfig"; sourceTree = "<group>"; };
		38F45DCE1767B690EDAE3E46 /* Pods_WongYiuNam_DoctorUITests.framework */ = {isa = PBXFileReference; explicitFileType = wrapper.framework; includeInIndex = 0; path = Pods_WongYiuNam_DoctorUITests.framework; sourceTree = BUILT_PRODUCTS_DIR; };
		404034F0304B4F0272E4DF21 /* Pods_WongYiuNam_DoctorTests.framework */ = {isa = PBXFileReference; explicitFileType = wrapper.framework; includeInIndex = 0; path = Pods_WongYiuNam_DoctorTests.framework; sourceTree = BUILT_PRODUCTS_DIR; };
		496435AF8C06C5E79B1D4A46 /* Pods-WongYiuNam-DoctorUITests.release.xcconfig */ = {isa = PBXFileReference; includeInIndex = 1; lastKnownFileType = text.xcconfig; name = "Pods-WongYiuNam-DoctorUITests.release.xcconfig"; path = "Pods/Target Support Files/Pods-WongYiuNam-DoctorUITests/Pods-WongYiuNam-DoctorUITests.release.xcconfig"; sourceTree = "<group>"; };
		5D6B24860C19C4B148DDA717 /* Pods-WongYiuNam-DoctorUITests.debug.xcconfig */ = {isa = PBXFileReference; includeInIndex = 1; lastKnownFileType = text.xcconfig; name = "Pods-WongYiuNam-DoctorUITests.debug.xcconfig"; path = "Pods/Target Support Files/Pods-WongYiuNam-DoctorUITests/Pods-WongYiuNam-DoctorUITests.debug.xcconfig"; sourceTree = "<group>"; };
		66EEFD531F5FDDFA00C5C77A /* WongYiuNam-Doctor.app */ = {isa = PBXFileReference; explicitFileType = wrapper.application; includeInIndex = 0; path = "WongYiuNam-Doctor.app"; sourceTree = BUILT_PRODUCTS_DIR; };
		66EEFD561F5FDDFA00C5C77A /* AppDelegate.swift */ = {isa = PBXFileReference; lastKnownFileType = sourcecode.swift; path = AppDelegate.swift; sourceTree = "<group>"; };
		66EEFD5D1F5FDDFA00C5C77A /* Assets.xcassets */ = {isa = PBXFileReference; lastKnownFileType = folder.assetcatalog; path = Assets.xcassets; sourceTree = "<group>"; };
		66EEFD601F5FDDFA00C5C77A /* Base */ = {isa = PBXFileReference; lastKnownFileType = file.storyboard; name = Base; path = Base.lproj/LaunchScreen.storyboard; sourceTree = "<group>"; };
		66EEFD621F5FDDFA00C5C77A /* Info.plist */ = {isa = PBXFileReference; lastKnownFileType = text.plist.xml; path = Info.plist; sourceTree = "<group>"; };
		66EEFD671F5FDDFA00C5C77A /* WongYiuNam-DoctorTests.xctest */ = {isa = PBXFileReference; explicitFileType = wrapper.cfbundle; includeInIndex = 0; path = "WongYiuNam-DoctorTests.xctest"; sourceTree = BUILT_PRODUCTS_DIR; };
		66EEFD6B1F5FDDFA00C5C77A /* WongYiuNam_DoctorTests.swift */ = {isa = PBXFileReference; lastKnownFileType = sourcecode.swift; path = WongYiuNam_DoctorTests.swift; sourceTree = "<group>"; };
		66EEFD6D1F5FDDFA00C5C77A /* Info.plist */ = {isa = PBXFileReference; lastKnownFileType = text.plist.xml; path = Info.plist; sourceTree = "<group>"; };
		66EEFD721F5FDDFA00C5C77A /* WongYiuNam-DoctorUITests.xctest */ = {isa = PBXFileReference; explicitFileType = wrapper.cfbundle; includeInIndex = 0; path = "WongYiuNam-DoctorUITests.xctest"; sourceTree = BUILT_PRODUCTS_DIR; };
		66EEFD761F5FDDFA00C5C77A /* WongYiuNam_DoctorUITests.swift */ = {isa = PBXFileReference; lastKnownFileType = sourcecode.swift; path = WongYiuNam_DoctorUITests.swift; sourceTree = "<group>"; };
		66EEFD781F5FDDFA00C5C77A /* Info.plist */ = {isa = PBXFileReference; lastKnownFileType = text.plist.xml; path = Info.plist; sourceTree = "<group>"; };
		84093AEB1F6BC0F200BE17AF /* RecordAnswerViewController.swift */ = {isa = PBXFileReference; fileEncoding = 4; lastKnownFileType = sourcecode.swift; name = RecordAnswerViewController.swift; path = View/RecordAnswerViewController.swift; sourceTree = "<group>"; };
		84093AED1F6F9AC500BE17AF /* AudioToolbox.framework */ = {isa = PBXFileReference; lastKnownFileType = wrapper.framework; name = AudioToolbox.framework; path = System/Library/Frameworks/AudioToolbox.framework; sourceTree = SDKROOT; };
		84093AEF1F6F9AC500BE17AF /* WongYiuNam-Doctor.entitlements */ = {isa = PBXFileReference; lastKnownFileType = text.plist.entitlements; path = "WongYiuNam-Doctor.entitlements"; sourceTree = "<group>"; };
		84093AF01F6F9B5000BE17AF /* AudioRecorderManager.swift */ = {isa = PBXFileReference; fileEncoding = 4; lastKnownFileType = sourcecode.swift; name = AudioRecorderManager.swift; path = Extension/AudioRecorderManager.swift; sourceTree = "<group>"; };
		8433E5251F679BE000C5AC21 /* Main.storyboard */ = {isa = PBXFileReference; fileEncoding = 4; lastKnownFileType = file.storyboard; name = Main.storyboard; path = Storyboard/Main.storyboard; sourceTree = "<group>"; };
		8433E5291F679C3800C5AC21 /* NavBar.xib */ = {isa = PBXFileReference; fileEncoding = 4; lastKnownFileType = file.xib; name = NavBar.xib; path = XIB/NavBar.xib; sourceTree = "<group>"; };
		8433E52B1F67B23200C5AC21 /* NavBar.swift */ = {isa = PBXFileReference; fileEncoding = 4; lastKnownFileType = sourcecode.swift; name = NavBar.swift; path = XIB/NavBar/NavBar.swift; sourceTree = "<group>"; };
		8433E52F1F67C4E700C5AC21 /* ConstraintExtension.swift */ = {isa = PBXFileReference; fileEncoding = 4; lastKnownFileType = sourcecode.swift; name = ConstraintExtension.swift; path = Extension/ConstraintExtension.swift; sourceTree = "<group>"; };
		8433E5331F67CEA700C5AC21 /* Montserrat-Regular.ttf */ = {isa = PBXFileReference; lastKnownFileType = file; path = "Montserrat-Regular.ttf"; sourceTree = "<group>"; };
		8433E5351F67ECD600C5AC21 /* BaseViewController.swift */ = {isa = PBXFileReference; fileEncoding = 4; lastKnownFileType = sourcecode.swift; name = BaseViewController.swift; path = View/BaseViewController.swift; sourceTree = "<group>"; };
		8433E5371F67F64300C5AC21 /* TextFieldExtension.swift */ = {isa = PBXFileReference; fileEncoding = 4; lastKnownFileType = sourcecode.swift; name = TextFieldExtension.swift; path = Extension/TextFieldExtension.swift; sourceTree = "<group>"; };
		843C2B701F7A0DC800F87A30 /* PendingQuestionViewModel.swift */ = {isa = PBXFileReference; fileEncoding = 4; lastKnownFileType = sourcecode.swift; name = PendingQuestionViewModel.swift; path = "View Model/PendingQuestionViewModel.swift"; sourceTree = "<group>"; };
		843C2B721F7A0DD400F87A30 /* WYNDotocPendingQuestion.swift */ = {isa = PBXFileReference; fileEncoding = 4; lastKnownFileType = sourcecode.swift; name = WYNDotocPendingQuestion.swift; path = Model/WYNDotocPendingQuestion.swift; sourceTree = "<group>"; };
		843C2B741F7A0FD700F87A30 /* WYNLogedInUserInfo.swift */ = {isa = PBXFileReference; lastKnownFileType = sourcecode.swift; path = WYNLogedInUserInfo.swift; sourceTree = "<group>"; };
		845CD2341F70ED760063ACB8 /* FreeForUserAlert.xib */ = {isa = PBXFileReference; fileEncoding = 4; lastKnownFileType = file.xib; name = FreeForUserAlert.xib; path = XIB/FreeForUsersAlert/FreeForUserAlert.xib; sourceTree = "<group>"; };
		848B8A071F6B908200538B00 /* LoginViewController.swift */ = {isa = PBXFileReference; fileEncoding = 4; lastKnownFileType = sourcecode.swift; name = LoginViewController.swift; path = View/LoginViewController.swift; sourceTree = "<group>"; };
		84A871BC1F68E3CD00F2ED7A /* API.swift */ = {isa = PBXFileReference; fileEncoding = 4; lastKnownFileType = sourcecode.swift; name = API.swift; path = API/API.swift; sourceTree = "<group>"; };
		84A871BE1F691AAD00F2ED7A /* WYNCheckBox.swift */ = {isa = PBXFileReference; fileEncoding = 4; lastKnownFileType = sourcecode.swift; name = WYNCheckBox.swift; path = Extension/WYNCheckBox.swift; sourceTree = "<group>"; };
		84A871C01F691BFF00F2ED7A /* ColorExtension.swift */ = {isa = PBXFileReference; fileEncoding = 4; lastKnownFileType = sourcecode.swift; name = ColorExtension.swift; path = Extension/ColorExtension.swift; sourceTree = "<group>"; };
		84A871C21F69228900F2ED7A /* ProfileViewController.swift */ = {isa = PBXFileReference; fileEncoding = 4; lastKnownFileType = sourcecode.swift; name = ProfileViewController.swift; path = View/ProfileViewController.swift; sourceTree = "<group>"; };
		84A871C51F69305D00F2ED7A /* PendingQuestionCell.xib */ = {isa = PBXFileReference; fileEncoding = 4; lastKnownFileType = file.xib; name = PendingQuestionCell.xib; path = XIB/PendingQuestion/PendingQuestionCell.xib; sourceTree = "<group>"; };
		84A871C71F693DE900F2ED7A /* PendingQuestionCell.swift */ = {isa = PBXFileReference; fileEncoding = 4; lastKnownFileType = sourcecode.swift; name = PendingQuestionCell.swift; path = XIB/PendingQuestion/PendingQuestionCell.swift; sourceTree = "<group>"; };
		84A871C91F6A339200F2ED7A /* PendingQuestionViewController.swift */ = {isa = PBXFileReference; fileEncoding = 4; lastKnownFileType = sourcecode.swift; name = PendingQuestionViewController.swift; path = View/PendingQuestionViewController.swift; sourceTree = "<group>"; };
		84A871CD1F6A7AD300F2ED7A /* QuestionCell.swift */ = {isa = PBXFileReference; fileEncoding = 4; lastKnownFileType = sourcecode.swift; name = QuestionCell.swift; path = XIB/PendingQuestion/QuestionCell.swift; sourceTree = "<group>"; };
		84A871CE1F6A7AD300F2ED7A /* QuestionCell.xib */ = {isa = PBXFileReference; fileEncoding = 4; lastKnownFileType = file.xib; name = QuestionCell.xib; path = XIB/PendingQuestion/QuestionCell.xib; sourceTree = "<group>"; };
		8C165866F1FCF655C79FA40F /* Pods-WongYiuNam-DoctorTests.release.xcconfig */ = {isa = PBXFileReference; includeInIndex = 1; lastKnownFileType = text.xcconfig; name = "Pods-WongYiuNam-DoctorTests.release.xcconfig"; path = "Pods/Target Support Files/Pods-WongYiuNam-DoctorTests/Pods-WongYiuNam-DoctorTests.release.xcconfig"; sourceTree = "<group>"; };
		9013FDB3FD376065D3453F04 /* Pods-WongYiuNam-DoctorTests.debug.xcconfig */ = {isa = PBXFileReference; includeInIndex = 1; lastKnownFileType = text.xcconfig; name = "Pods-WongYiuNam-DoctorTests.debug.xcconfig"; path = "Pods/Target Support Files/Pods-WongYiuNam-DoctorTests/Pods-WongYiuNam-DoctorTests.debug.xcconfig"; sourceTree = "<group>"; };
		C7FE7FF81F0C4B16C8B9B56A /* Pods_WongYiuNam_Doctor.framework */ = {isa = PBXFileReference; explicitFileType = wrapper.framework; includeInIndex = 0; path = Pods_WongYiuNam_Doctor.framework; sourceTree = BUILT_PRODUCTS_DIR; };
		CDD7792DF4821EE19E831AD3 /* Pods-WongYiuNam-Doctor.release.xcconfig */ = {isa = PBXFileReference; includeInIndex = 1; lastKnownFileType = text.xcconfig; name = "Pods-WongYiuNam-Doctor.release.xcconfig"; path = "Pods/Target Support Files/Pods-WongYiuNam-Doctor/Pods-WongYiuNam-Doctor.release.xcconfig"; sourceTree = "<group>"; };
/* End PBXFileReference section */

/* Begin PBXFrameworksBuildPhase section */
		66EEFD501F5FDDFA00C5C77A /* Frameworks */ = {
			isa = PBXFrameworksBuildPhase;
			buildActionMask = 2147483647;
			files = (
				182F05C9F1E2EAFC2DA655DA /* Pods_WongYiuNam_Doctor.framework in Frameworks */,
				84093AEE1F6F9AC500BE17AF /* AudioToolbox.framework in Frameworks */,
			);
			runOnlyForDeploymentPostprocessing = 0;
		};
		66EEFD641F5FDDFA00C5C77A /* Frameworks */ = {
			isa = PBXFrameworksBuildPhase;
			buildActionMask = 2147483647;
			files = (
				A69DB035CD72DC1E39719B4B /* Pods_WongYiuNam_DoctorTests.framework in Frameworks */,
			);
			runOnlyForDeploymentPostprocessing = 0;
		};
		66EEFD6F1F5FDDFA00C5C77A /* Frameworks */ = {
			isa = PBXFrameworksBuildPhase;
			buildActionMask = 2147483647;
			files = (
				0B116CF25F73155659C73B0C /* Pods_WongYiuNam_DoctorUITests.framework in Frameworks */,
			);
			runOnlyForDeploymentPostprocessing = 0;
		};
/* End PBXFrameworksBuildPhase section */

/* Begin PBXGroup section */
		1AFB23E55C011B1C778F85E9 /* Frameworks */ = {
			isa = PBXGroup;
			children = (
				84093AED1F6F9AC500BE17AF /* AudioToolbox.framework */,
				C7FE7FF81F0C4B16C8B9B56A /* Pods_WongYiuNam_Doctor.framework */,
				404034F0304B4F0272E4DF21 /* Pods_WongYiuNam_DoctorTests.framework */,
				38F45DCE1767B690EDAE3E46 /* Pods_WongYiuNam_DoctorUITests.framework */,
			);
			name = Frameworks;
			sourceTree = "<group>";
		};
		66EEFD4A1F5FDDFA00C5C77A = {
			isa = PBXGroup;
			children = (
				66EEFD551F5FDDFA00C5C77A /* WongYiuNam-Doctor */,
				66EEFD6A1F5FDDFA00C5C77A /* WongYiuNam-DoctorTests */,
				66EEFD751F5FDDFA00C5C77A /* WongYiuNam-DoctorUITests */,
				66EEFD541F5FDDFA00C5C77A /* Products */,
				CD75A5B41849C652A756BDB0 /* Pods */,
				1AFB23E55C011B1C778F85E9 /* Frameworks */,
			);
			sourceTree = "<group>";
		};
		66EEFD541F5FDDFA00C5C77A /* Products */ = {
			isa = PBXGroup;
			children = (
				66EEFD531F5FDDFA00C5C77A /* WongYiuNam-Doctor.app */,
				66EEFD671F5FDDFA00C5C77A /* WongYiuNam-DoctorTests.xctest */,
				66EEFD721F5FDDFA00C5C77A /* WongYiuNam-DoctorUITests.xctest */,
			);
			name = Products;
			sourceTree = "<group>";
		};
		66EEFD551F5FDDFA00C5C77A /* WongYiuNam-Doctor */ = {
			isa = PBXGroup;
			children = (
				843C2B6F1F7A0D9C00F87A30 /* View Model */,
				845CD2321F70D2D30063ACB8 /* Model */,
				84093AEF1F6F9AC500BE17AF /* WongYiuNam-Doctor.entitlements */,
				84A871B91F68E36100F2ED7A /* API */,
				8433E5341F67ECA800C5AC21 /* View */,
				8433E5311F67CE8D00C5AC21 /* Resources */,
				8433E52E1F67C4BE00C5AC21 /* Extension */,
				8433E5281F679C1700C5AC21 /* XIB */,
				8433E5271F679BE700C5AC21 /* Storyboard */,
				66EEFD561F5FDDFA00C5C77A /* AppDelegate.swift */,
				66EEFD5D1F5FDDFA00C5C77A /* Assets.xcassets */,
				66EEFD5F1F5FDDFA00C5C77A /* LaunchScreen.storyboard */,
				66EEFD621F5FDDFA00C5C77A /* Info.plist */,
			);
			path = "WongYiuNam-Doctor";
			sourceTree = "<group>";
		};
		66EEFD6A1F5FDDFA00C5C77A /* WongYiuNam-DoctorTests */ = {
			isa = PBXGroup;
			children = (
				66EEFD6B1F5FDDFA00C5C77A /* WongYiuNam_DoctorTests.swift */,
				66EEFD6D1F5FDDFA00C5C77A /* Info.plist */,
			);
			path = "WongYiuNam-DoctorTests";
			sourceTree = "<group>";
		};
		66EEFD751F5FDDFA00C5C77A /* WongYiuNam-DoctorUITests */ = {
			isa = PBXGroup;
			children = (
				66EEFD761F5FDDFA00C5C77A /* WongYiuNam_DoctorUITests.swift */,
				66EEFD781F5FDDFA00C5C77A /* Info.plist */,
			);
			path = "WongYiuNam-DoctorUITests";
			sourceTree = "<group>";
		};
		8433E5271F679BE700C5AC21 /* Storyboard */ = {
			isa = PBXGroup;
			children = (
				8433E5251F679BE000C5AC21 /* Main.storyboard */,
			);
			name = Storyboard;
			sourceTree = "<group>";
		};
		8433E5281F679C1700C5AC21 /* XIB */ = {
			isa = PBXGroup;
			children = (
				845CD2331F70ED4F0063ACB8 /* FreeForUsersAlert */,
				84A871C41F69303800F2ED7A /* PendingQuestion */,
				8433E52D1F67B23700C5AC21 /* NavBar */,
			);
			name = XIB;
			sourceTree = "<group>";
		};
		8433E52D1F67B23700C5AC21 /* NavBar */ = {
			isa = PBXGroup;
			children = (
				8433E5291F679C3800C5AC21 /* NavBar.xib */,
				8433E52B1F67B23200C5AC21 /* NavBar.swift */,
			);
			name = NavBar;
			sourceTree = "<group>";
		};
		8433E52E1F67C4BE00C5AC21 /* Extension */ = {
			isa = PBXGroup;
			children = (
				8433E52F1F67C4E700C5AC21 /* ConstraintExtension.swift */,
				8433E5371F67F64300C5AC21 /* TextFieldExtension.swift */,
				84A871BE1F691AAD00F2ED7A /* WYNCheckBox.swift */,
				84A871C01F691BFF00F2ED7A /* ColorExtension.swift */,
				84093AF01F6F9B5000BE17AF /* AudioRecorderManager.swift */,
			);
			name = Extension;
			sourceTree = "<group>";
		};
		8433E5311F67CE8D00C5AC21 /* Resources */ = {
			isa = PBXGroup;
			children = (
				8433E5321F67CE9B00C5AC21 /* Font */,
			);
			name = Resources;
			sourceTree = "<group>";
		};
		8433E5321F67CE9B00C5AC21 /* Font */ = {
			isa = PBXGroup;
			children = (
				8433E5331F67CEA700C5AC21 /* Montserrat-Regular.ttf */,
			);
			name = Font;
			sourceTree = "<group>";
		};
		8433E5341F67ECA800C5AC21 /* View */ = {
			isa = PBXGroup;
			children = (
				8433E5351F67ECD600C5AC21 /* BaseViewController.swift */,
				84A871C21F69228900F2ED7A /* ProfileViewController.swift */,
				84A871C91F6A339200F2ED7A /* PendingQuestionViewController.swift */,
				848B8A071F6B908200538B00 /* LoginViewController.swift */,
				84093AEB1F6BC0F200BE17AF /* RecordAnswerViewController.swift */,
			);
			name = View;
			sourceTree = "<group>";
		};
		843C2B6F1F7A0D9C00F87A30 /* View Model */ = {
			isa = PBXGroup;
			children = (
				843C2B701F7A0DC800F87A30 /* PendingQuestionViewModel.swift */,
			);
			name = "View Model";
			sourceTree = "<group>";
		};
		845CD2321F70D2D30063ACB8 /* Model */ = {
			isa = PBXGroup;
			children = (
				843C2B741F7A0FD700F87A30 /* WYNLogedInUserInfo.swift */,
				843C2B721F7A0DD400F87A30 /* WYNDotocPendingQuestion.swift */,
			);
			name = Model;
			sourceTree = "<group>";
		};
		845CD2331F70ED4F0063ACB8 /* FreeForUsersAlert */ = {
			isa = PBXGroup;
			children = (
				845CD2341F70ED760063ACB8 /* FreeForUserAlert.xib */,
			);
			name = FreeForUsersAlert;
			sourceTree = "<group>";
		};
		84A871B91F68E36100F2ED7A /* API */ = {
			isa = PBXGroup;
			children = (
				84A871BC1F68E3CD00F2ED7A /* API.swift */,
			);
			name = API;
			sourceTree = "<group>";
		};
		84A871C41F69303800F2ED7A /* PendingQuestion */ = {
			isa = PBXGroup;
			children = (
				84A871C51F69305D00F2ED7A /* PendingQuestionCell.xib */,
				84A871C71F693DE900F2ED7A /* PendingQuestionCell.swift */,
				84A871CD1F6A7AD300F2ED7A /* QuestionCell.swift */,
				84A871CE1F6A7AD300F2ED7A /* QuestionCell.xib */,
			);
			name = PendingQuestion;
			sourceTree = "<group>";
		};
		CD75A5B41849C652A756BDB0 /* Pods */ = {
			isa = PBXGroup;
			children = (
				15FF0649DD0E7EB7825BC6E9 /* Pods-WongYiuNam-Doctor.debug.xcconfig */,
				CDD7792DF4821EE19E831AD3 /* Pods-WongYiuNam-Doctor.release.xcconfig */,
				9013FDB3FD376065D3453F04 /* Pods-WongYiuNam-DoctorTests.debug.xcconfig */,
				8C165866F1FCF655C79FA40F /* Pods-WongYiuNam-DoctorTests.release.xcconfig */,
				5D6B24860C19C4B148DDA717 /* Pods-WongYiuNam-DoctorUITests.debug.xcconfig */,
				496435AF8C06C5E79B1D4A46 /* Pods-WongYiuNam-DoctorUITests.release.xcconfig */,
			);
			name = Pods;
			sourceTree = "<group>";
		};
/* End PBXGroup section */

/* Begin PBXNativeTarget section */
		66EEFD521F5FDDFA00C5C77A /* WongYiuNam-Doctor */ = {
			isa = PBXNativeTarget;
			buildConfigurationList = 66EEFD7B1F5FDDFA00C5C77A /* Build configuration list for PBXNativeTarget "WongYiuNam-Doctor" */;
			buildPhases = (
				0DE31CE15C41CF2E433EB032 /* [CP] Check Pods Manifest.lock */,
				66EEFD4F1F5FDDFA00C5C77A /* Sources */,
				66EEFD501F5FDDFA00C5C77A /* Frameworks */,
				66EEFD511F5FDDFA00C5C77A /* Resources */,
				9E1DD3D6D7DF301C2FB30C69 /* [CP] Embed Pods Frameworks */,
				7377197B5E997DBBD0A87337 /* [CP] Copy Pods Resources */,
			);
			buildRules = (
			);
			dependencies = (
			);
			name = "WongYiuNam-Doctor";
			productName = "WongYiuNam-Doctor";
			productReference = 66EEFD531F5FDDFA00C5C77A /* WongYiuNam-Doctor.app */;
			productType = "com.apple.product-type.application";
		};
		66EEFD661F5FDDFA00C5C77A /* WongYiuNam-DoctorTests */ = {
			isa = PBXNativeTarget;
			buildConfigurationList = 66EEFD7E1F5FDDFA00C5C77A /* Build configuration list for PBXNativeTarget "WongYiuNam-DoctorTests" */;
			buildPhases = (
				F009EA223B4C289D46178A21 /* [CP] Check Pods Manifest.lock */,
				66EEFD631F5FDDFA00C5C77A /* Sources */,
				66EEFD641F5FDDFA00C5C77A /* Frameworks */,
				66EEFD651F5FDDFA00C5C77A /* Resources */,
				DC7110BAA1131552E243912B /* [CP] Embed Pods Frameworks */,
				383A8993F5D107A73F539D8F /* [CP] Copy Pods Resources */,
			);
			buildRules = (
			);
			dependencies = (
				66EEFD691F5FDDFA00C5C77A /* PBXTargetDependency */,
			);
			name = "WongYiuNam-DoctorTests";
			productName = "WongYiuNam-DoctorTests";
			productReference = 66EEFD671F5FDDFA00C5C77A /* WongYiuNam-DoctorTests.xctest */;
			productType = "com.apple.product-type.bundle.unit-test";
		};
		66EEFD711F5FDDFA00C5C77A /* WongYiuNam-DoctorUITests */ = {
			isa = PBXNativeTarget;
			buildConfigurationList = 66EEFD811F5FDDFA00C5C77A /* Build configuration list for PBXNativeTarget "WongYiuNam-DoctorUITests" */;
			buildPhases = (
				AF9925C9C3D561FA427C52FE /* [CP] Check Pods Manifest.lock */,
				66EEFD6E1F5FDDFA00C5C77A /* Sources */,
				66EEFD6F1F5FDDFA00C5C77A /* Frameworks */,
				66EEFD701F5FDDFA00C5C77A /* Resources */,
				E905D5EC34A3617314EF6134 /* [CP] Embed Pods Frameworks */,
				E3EA713C2DD6244D40F70C22 /* [CP] Copy Pods Resources */,
			);
			buildRules = (
			);
			dependencies = (
				66EEFD741F5FDDFA00C5C77A /* PBXTargetDependency */,
			);
			name = "WongYiuNam-DoctorUITests";
			productName = "WongYiuNam-DoctorUITests";
			productReference = 66EEFD721F5FDDFA00C5C77A /* WongYiuNam-DoctorUITests.xctest */;
			productType = "com.apple.product-type.bundle.ui-testing";
		};
/* End PBXNativeTarget section */

/* Begin PBXProject section */
		66EEFD4B1F5FDDFA00C5C77A /* Project object */ = {
			isa = PBXProject;
			attributes = {
				LastSwiftUpdateCheck = 0830;
				LastUpgradeCheck = 0900;
				ORGANIZATIONNAME = RTH;
				TargetAttributes = {
					66EEFD521F5FDDFA00C5C77A = {
						CreatedOnToolsVersion = 8.3.3;
						DevelopmentTeam = 8AN899D996;
						LastSwiftMigration = 0900;
						ProvisioningStyle = Manual;
						SystemCapabilities = {
							com.apple.InterAppAudio = {
								enabled = 1;
							};
						};
					};
					66EEFD661F5FDDFA00C5C77A = {
						CreatedOnToolsVersion = 8.3.3;
						DevelopmentTeam = 8AN899D996;
						LastSwiftMigration = 0900;
						ProvisioningStyle = Automatic;
						TestTargetID = 66EEFD521F5FDDFA00C5C77A;
					};
					66EEFD711F5FDDFA00C5C77A = {
						CreatedOnToolsVersion = 8.3.3;
						DevelopmentTeam = 8AN899D996;
						LastSwiftMigration = 0900;
						ProvisioningStyle = Automatic;
						TestTargetID = 66EEFD521F5FDDFA00C5C77A;
					};
				};
			};
			buildConfigurationList = 66EEFD4E1F5FDDFA00C5C77A /* Build configuration list for PBXProject "WongYiuNam-Doctor" */;
			compatibilityVersion = "Xcode 3.2";
			developmentRegion = English;
			hasScannedForEncodings = 0;
			knownRegions = (
				en,
				Base,
			);
			mainGroup = 66EEFD4A1F5FDDFA00C5C77A;
			productRefGroup = 66EEFD541F5FDDFA00C5C77A /* Products */;
			projectDirPath = "";
			projectRoot = "";
			targets = (
				66EEFD521F5FDDFA00C5C77A /* WongYiuNam-Doctor */,
				66EEFD661F5FDDFA00C5C77A /* WongYiuNam-DoctorTests */,
				66EEFD711F5FDDFA00C5C77A /* WongYiuNam-DoctorUITests */,
			);
		};
/* End PBXProject section */

/* Begin PBXResourcesBuildPhase section */
		66EEFD511F5FDDFA00C5C77A /* Resources */ = {
			isa = PBXResourcesBuildPhase;
			buildActionMask = 2147483647;
			files = (
				66EEFD611F5FDDFA00C5C77A /* LaunchScreen.storyboard in Resources */,
				84A871D01F6A7AD300F2ED7A /* QuestionCell.xib in Resources */,
				66EEFD5E1F5FDDFA00C5C77A /* Assets.xcassets in Resources */,
				8433E52A1F679C3800C5AC21 /* NavBar.xib in Resources */,
				845CD2351F70ED760063ACB8 /* FreeForUserAlert.xib in Resources */,
				8433E5261F679BE000C5AC21 /* Main.storyboard in Resources */,
				84A871C61F69305D00F2ED7A /* PendingQuestionCell.xib in Resources */,
			);
			runOnlyForDeploymentPostprocessing = 0;
		};
		66EEFD651F5FDDFA00C5C77A /* Resources */ = {
			isa = PBXResourcesBuildPhase;
			buildActionMask = 2147483647;
			files = (
			);
			runOnlyForDeploymentPostprocessing = 0;
		};
		66EEFD701F5FDDFA00C5C77A /* Resources */ = {
			isa = PBXResourcesBuildPhase;
			buildActionMask = 2147483647;
			files = (
			);
			runOnlyForDeploymentPostprocessing = 0;
		};
/* End PBXResourcesBuildPhase section */

/* Begin PBXShellScriptBuildPhase section */
		0DE31CE15C41CF2E433EB032 /* [CP] Check Pods Manifest.lock */ = {
			isa = PBXShellScriptBuildPhase;
			buildActionMask = 2147483647;
			files = (
			);
			inputPaths = (
				"${PODS_PODFILE_DIR_PATH}/Podfile.lock",
				"${PODS_ROOT}/Manifest.lock",
			);
			name = "[CP] Check Pods Manifest.lock";
			outputPaths = (
				"$(DERIVED_FILE_DIR)/Pods-WongYiuNam-Doctor-checkManifestLockResult.txt",
			);
			runOnlyForDeploymentPostprocessing = 0;
			shellPath = /bin/sh;
			shellScript = "diff \"${PODS_PODFILE_DIR_PATH}/Podfile.lock\" \"${PODS_ROOT}/Manifest.lock\" > /dev/null\nif [ $? != 0 ] ; then\n    # print error to STDERR\n    echo \"error: The sandbox is not in sync with the Podfile.lock. Run 'pod install' or update your CocoaPods installation.\" >&2\n    exit 1\nfi\n# This output is used by Xcode 'outputs' to avoid re-running this script phase.\necho \"SUCCESS\" > \"${SCRIPT_OUTPUT_FILE_0}\"\n";
			showEnvVarsInLog = 0;
		};
		383A8993F5D107A73F539D8F /* [CP] Copy Pods Resources */ = {
			isa = PBXShellScriptBuildPhase;
			buildActionMask = 2147483647;
			files = (
			);
			inputPaths = (
			);
			name = "[CP] Copy Pods Resources";
			outputPaths = (
			);
			runOnlyForDeploymentPostprocessing = 0;
			shellPath = /bin/sh;
			shellScript = "\"${SRCROOT}/Pods/Target Support Files/Pods-WongYiuNam-DoctorTests/Pods-WongYiuNam-DoctorTests-resources.sh\"\n";
			showEnvVarsInLog = 0;
		};
		7377197B5E997DBBD0A87337 /* [CP] Copy Pods Resources */ = {
			isa = PBXShellScriptBuildPhase;
			buildActionMask = 2147483647;
			files = (
			);
			inputPaths = (
			);
			name = "[CP] Copy Pods Resources";
			outputPaths = (
			);
			runOnlyForDeploymentPostprocessing = 0;
			shellPath = /bin/sh;
			shellScript = "\"${SRCROOT}/Pods/Target Support Files/Pods-WongYiuNam-Doctor/Pods-WongYiuNam-Doctor-resources.sh\"\n";
			showEnvVarsInLog = 0;
		};
		9E1DD3D6D7DF301C2FB30C69 /* [CP] Embed Pods Frameworks */ = {
			isa = PBXShellScriptBuildPhase;
			buildActionMask = 2147483647;
			files = (
			);
			inputPaths = (
				"${SRCROOT}/Pods/Target Support Files/Pods-WongYiuNam-Doctor/Pods-WongYiuNam-Doctor-frameworks.sh",
				"${BUILT_PRODUCTS_DIR}/Alamofire/Alamofire.framework",
				"${BUILT_PRODUCTS_DIR}/AlamofireObjectMapper/AlamofireObjectMapper.framework",
				"${BUILT_PRODUCTS_DIR}/IBAnimatable/IBAnimatable.framework",
				"${BUILT_PRODUCTS_DIR}/Moya/Moya.framework",
				"${BUILT_PRODUCTS_DIR}/Moya-ObjectMapper/Moya_ObjectMapper.framework",
				"${BUILT_PRODUCTS_DIR}/ObjectMapper/ObjectMapper.framework",
				"${BUILT_PRODUCTS_DIR}/Result/Result.framework",
			);
			name = "[CP] Embed Pods Frameworks";
			outputPaths = (
				"${TARGET_BUILD_DIR}/${FRAMEWORKS_FOLDER_PATH}/Alamofire.framework",
				"${TARGET_BUILD_DIR}/${FRAMEWORKS_FOLDER_PATH}/AlamofireObjectMapper.framework",
				"${TARGET_BUILD_DIR}/${FRAMEWORKS_FOLDER_PATH}/IBAnimatable.framework",
				"${TARGET_BUILD_DIR}/${FRAMEWORKS_FOLDER_PATH}/Moya.framework",
				"${TARGET_BUILD_DIR}/${FRAMEWORKS_FOLDER_PATH}/Moya_ObjectMapper.framework",
				"${TARGET_BUILD_DIR}/${FRAMEWORKS_FOLDER_PATH}/ObjectMapper.framework",
				"${TARGET_BUILD_DIR}/${FRAMEWORKS_FOLDER_PATH}/Result.framework",
			);
			runOnlyForDeploymentPostprocessing = 0;
			shellPath = /bin/sh;
			shellScript = "\"${SRCROOT}/Pods/Target Support Files/Pods-WongYiuNam-Doctor/Pods-WongYiuNam-Doctor-frameworks.sh\"\n";
			showEnvVarsInLog = 0;
		};
		AF9925C9C3D561FA427C52FE /* [CP] Check Pods Manifest.lock */ = {
			isa = PBXShellScriptBuildPhase;
			buildActionMask = 2147483647;
			files = (
			);
			inputPaths = (
				"${PODS_PODFILE_DIR_PATH}/Podfile.lock",
				"${PODS_ROOT}/Manifest.lock",
			);
			name = "[CP] Check Pods Manifest.lock";
			outputPaths = (
				"$(DERIVED_FILE_DIR)/Pods-WongYiuNam-DoctorUITests-checkManifestLockResult.txt",
			);
			runOnlyForDeploymentPostprocessing = 0;
			shellPath = /bin/sh;
			shellScript = "diff \"${PODS_PODFILE_DIR_PATH}/Podfile.lock\" \"${PODS_ROOT}/Manifest.lock\" > /dev/null\nif [ $? != 0 ] ; then\n    # print error to STDERR\n    echo \"error: The sandbox is not in sync with the Podfile.lock. Run 'pod install' or update your CocoaPods installation.\" >&2\n    exit 1\nfi\n# This output is used by Xcode 'outputs' to avoid re-running this script phase.\necho \"SUCCESS\" > \"${SCRIPT_OUTPUT_FILE_0}\"\n";
			showEnvVarsInLog = 0;
		};
		DC7110BAA1131552E243912B /* [CP] Embed Pods Frameworks */ = {
			isa = PBXShellScriptBuildPhase;
			buildActionMask = 2147483647;
			files = (
			);
			inputPaths = (
			);
			name = "[CP] Embed Pods Frameworks";
			outputPaths = (
			);
			runOnlyForDeploymentPostprocessing = 0;
			shellPath = /bin/sh;
			shellScript = "\"${SRCROOT}/Pods/Target Support Files/Pods-WongYiuNam-DoctorTests/Pods-WongYiuNam-DoctorTests-frameworks.sh\"\n";
			showEnvVarsInLog = 0;
		};
		E3EA713C2DD6244D40F70C22 /* [CP] Copy Pods Resources */ = {
			isa = PBXShellScriptBuildPhase;
			buildActionMask = 2147483647;
			files = (
			);
			inputPaths = (
			);
			name = "[CP] Copy Pods Resources";
			outputPaths = (
			);
			runOnlyForDeploymentPostprocessing = 0;
			shellPath = /bin/sh;
			shellScript = "\"${SRCROOT}/Pods/Target Support Files/Pods-WongYiuNam-DoctorUITests/Pods-WongYiuNam-DoctorUITests-resources.sh\"\n";
			showEnvVarsInLog = 0;
		};
		E905D5EC34A3617314EF6134 /* [CP] Embed Pods Frameworks */ = {
			isa = PBXShellScriptBuildPhase;
			buildActionMask = 2147483647;
			files = (
			);
			inputPaths = (
			);
			name = "[CP] Embed Pods Frameworks";
			outputPaths = (
			);
			runOnlyForDeploymentPostprocessing = 0;
			shellPath = /bin/sh;
			shellScript = "\"${SRCROOT}/Pods/Target Support Files/Pods-WongYiuNam-DoctorUITests/Pods-WongYiuNam-DoctorUITests-frameworks.sh\"\n";
			showEnvVarsInLog = 0;
		};
		F009EA223B4C289D46178A21 /* [CP] Check Pods Manifest.lock */ = {
			isa = PBXShellScriptBuildPhase;
			buildActionMask = 2147483647;
			files = (
			);
			inputPaths = (
				"${PODS_PODFILE_DIR_PATH}/Podfile.lock",
				"${PODS_ROOT}/Manifest.lock",
			);
			name = "[CP] Check Pods Manifest.lock";
			outputPaths = (
				"$(DERIVED_FILE_DIR)/Pods-WongYiuNam-DoctorTests-checkManifestLockResult.txt",
			);
			runOnlyForDeploymentPostprocessing = 0;
			shellPath = /bin/sh;
			shellScript = "diff \"${PODS_PODFILE_DIR_PATH}/Podfile.lock\" \"${PODS_ROOT}/Manifest.lock\" > /dev/null\nif [ $? != 0 ] ; then\n    # print error to STDERR\n    echo \"error: The sandbox is not in sync with the Podfile.lock. Run 'pod install' or update your CocoaPods installation.\" >&2\n    exit 1\nfi\n# This output is used by Xcode 'outputs' to avoid re-running this script phase.\necho \"SUCCESS\" > \"${SCRIPT_OUTPUT_FILE_0}\"\n";
			showEnvVarsInLog = 0;
		};
/* End PBXShellScriptBuildPhase section */

/* Begin PBXSourcesBuildPhase section */
		66EEFD4F1F5FDDFA00C5C77A /* Sources */ = {
			isa = PBXSourcesBuildPhase;
			buildActionMask = 2147483647;
			files = (
				8433E5361F67ECD600C5AC21 /* BaseViewController.swift in Sources */,
				84A871C81F693DE900F2ED7A /* PendingQuestionCell.swift in Sources */,
				843C2B711F7A0DC800F87A30 /* PendingQuestionViewModel.swift in Sources */,
				84093AEC1F6BC0F200BE17AF /* RecordAnswerViewController.swift in Sources */,
				84093AF11F6F9B5000BE17AF /* AudioRecorderManager.swift in Sources */,
				848B8A081F6B908200538B00 /* LoginViewController.swift in Sources */,
				84A871CF1F6A7AD300F2ED7A /* QuestionCell.swift in Sources */,
				843C2B731F7A0DD400F87A30 /* WYNDotocPendingQuestion.swift in Sources */,
				843C2B751F7A0FD700F87A30 /* WYNLogedInUserInfo.swift in Sources */,
				84A871BF1F691AAD00F2ED7A /* WYNCheckBox.swift in Sources */,
				66EEFD571F5FDDFA00C5C77A /* AppDelegate.swift in Sources */,
				8433E5381F67F64300C5AC21 /* TextFieldExtension.swift in Sources */,
				84A871CA1F6A339200F2ED7A /* PendingQuestionViewController.swift in Sources */,
				84A871C31F69228900F2ED7A /* ProfileViewController.swift in Sources */,
				8433E5301F67C4E700C5AC21 /* ConstraintExtension.swift in Sources */,
				84A871BD1F68E3CD00F2ED7A /* API.swift in Sources */,
				8433E52C1F67B23200C5AC21 /* NavBar.swift in Sources */,
				84A871C11F691BFF00F2ED7A /* ColorExtension.swift in Sources */,
			);
			runOnlyForDeploymentPostprocessing = 0;
		};
		66EEFD631F5FDDFA00C5C77A /* Sources */ = {
			isa = PBXSourcesBuildPhase;
			buildActionMask = 2147483647;
			files = (
				66EEFD6C1F5FDDFA00C5C77A /* WongYiuNam_DoctorTests.swift in Sources */,
			);
			runOnlyForDeploymentPostprocessing = 0;
		};
		66EEFD6E1F5FDDFA00C5C77A /* Sources */ = {
			isa = PBXSourcesBuildPhase;
			buildActionMask = 2147483647;
			files = (
				66EEFD771F5FDDFA00C5C77A /* WongYiuNam_DoctorUITests.swift in Sources */,
			);
			runOnlyForDeploymentPostprocessing = 0;
		};
/* End PBXSourcesBuildPhase section */

/* Begin PBXTargetDependency section */
		66EEFD691F5FDDFA00C5C77A /* PBXTargetDependency */ = {
			isa = PBXTargetDependency;
			target = 66EEFD521F5FDDFA00C5C77A /* WongYiuNam-Doctor */;
			targetProxy = 66EEFD681F5FDDFA00C5C77A /* PBXContainerItemProxy */;
		};
		66EEFD741F5FDDFA00C5C77A /* PBXTargetDependency */ = {
			isa = PBXTargetDependency;
			target = 66EEFD521F5FDDFA00C5C77A /* WongYiuNam-Doctor */;
			targetProxy = 66EEFD731F5FDDFA00C5C77A /* PBXContainerItemProxy */;
		};
/* End PBXTargetDependency section */

/* Begin PBXVariantGroup section */
		66EEFD5F1F5FDDFA00C5C77A /* LaunchScreen.storyboard */ = {
			isa = PBXVariantGroup;
			children = (
				66EEFD601F5FDDFA00C5C77A /* Base */,
			);
			name = LaunchScreen.storyboard;
			sourceTree = "<group>";
		};
/* End PBXVariantGroup section */

/* Begin XCBuildConfiguration section */
		66EEFD791F5FDDFA00C5C77A /* Debug */ = {
			isa = XCBuildConfiguration;
			buildSettings = {
				ALWAYS_SEARCH_USER_PATHS = NO;
				CLANG_ANALYZER_NONNULL = YES;
				CLANG_ANALYZER_NUMBER_OBJECT_CONVERSION = YES_AGGRESSIVE;
				CLANG_CXX_LANGUAGE_STANDARD = "gnu++0x";
				CLANG_CXX_LIBRARY = "libc++";
				CLANG_ENABLE_MODULES = YES;
				CLANG_ENABLE_OBJC_ARC = YES;
				CLANG_WARN_BLOCK_CAPTURE_AUTORELEASING = YES;
				CLANG_WARN_BOOL_CONVERSION = YES;
				CLANG_WARN_COMMA = YES;
				CLANG_WARN_CONSTANT_CONVERSION = YES;
				CLANG_WARN_DIRECT_OBJC_ISA_USAGE = YES_ERROR;
				CLANG_WARN_DOCUMENTATION_COMMENTS = YES;
				CLANG_WARN_EMPTY_BODY = YES;
				CLANG_WARN_ENUM_CONVERSION = YES;
				CLANG_WARN_INFINITE_RECURSION = YES;
				CLANG_WARN_INT_CONVERSION = YES;
				CLANG_WARN_NON_LITERAL_NULL_CONVERSION = YES;
				CLANG_WARN_OBJC_LITERAL_CONVERSION = YES;
				CLANG_WARN_OBJC_ROOT_CLASS = YES_ERROR;
				CLANG_WARN_RANGE_LOOP_ANALYSIS = YES;
				CLANG_WARN_STRICT_PROTOTYPES = YES;
				CLANG_WARN_SUSPICIOUS_MOVE = YES;
				CLANG_WARN_UNREACHABLE_CODE = YES;
				CLANG_WARN__DUPLICATE_METHOD_MATCH = YES;
				"CODE_SIGN_IDENTITY[sdk=iphoneos*]" = "iPhone Developer";
				COPY_PHASE_STRIP = NO;
				DEBUG_INFORMATION_FORMAT = dwarf;
				ENABLE_STRICT_OBJC_MSGSEND = YES;
				ENABLE_TESTABILITY = YES;
				GCC_C_LANGUAGE_STANDARD = gnu99;
				GCC_DYNAMIC_NO_PIC = NO;
				GCC_NO_COMMON_BLOCKS = YES;
				GCC_OPTIMIZATION_LEVEL = 0;
				GCC_PREPROCESSOR_DEFINITIONS = (
					"DEBUG=1",
					"$(inherited)",
				);
				GCC_WARN_64_TO_32_BIT_CONVERSION = YES;
				GCC_WARN_ABOUT_RETURN_TYPE = YES_ERROR;
				GCC_WARN_UNDECLARED_SELECTOR = YES;
				GCC_WARN_UNINITIALIZED_AUTOS = YES_AGGRESSIVE;
				GCC_WARN_UNUSED_FUNCTION = YES;
				GCC_WARN_UNUSED_VARIABLE = YES;
				IPHONEOS_DEPLOYMENT_TARGET = 10.3;
				MTL_ENABLE_DEBUG_INFO = YES;
				ONLY_ACTIVE_ARCH = YES;
				SDKROOT = iphoneos;
				SWIFT_ACTIVE_COMPILATION_CONDITIONS = DEBUG;
				SWIFT_OPTIMIZATION_LEVEL = "-Onone";
				SWIFT_VERSION = 3.0;
				TARGETED_DEVICE_FAMILY = "1,2";
			};
			name = Debug;
		};
		66EEFD7A1F5FDDFA00C5C77A /* Release */ = {
			isa = XCBuildConfiguration;
			buildSettings = {
				ALWAYS_SEARCH_USER_PATHS = NO;
				CLANG_ANALYZER_NONNULL = YES;
				CLANG_ANALYZER_NUMBER_OBJECT_CONVERSION = YES_AGGRESSIVE;
				CLANG_CXX_LANGUAGE_STANDARD = "gnu++0x";
				CLANG_CXX_LIBRARY = "libc++";
				CLANG_ENABLE_MODULES = YES;
				CLANG_ENABLE_OBJC_ARC = YES;
				CLANG_WARN_BLOCK_CAPTURE_AUTORELEASING = YES;
				CLANG_WARN_BOOL_CONVERSION = YES;
				CLANG_WARN_COMMA = YES;
				CLANG_WARN_CONSTANT_CONVERSION = YES;
				CLANG_WARN_DIRECT_OBJC_ISA_USAGE = YES_ERROR;
				CLANG_WARN_DOCUMENTATION_COMMENTS = YES;
				CLANG_WARN_EMPTY_BODY = YES;
				CLANG_WARN_ENUM_CONVERSION = YES;
				CLANG_WARN_INFINITE_RECURSION = YES;
				CLANG_WARN_INT_CONVERSION = YES;
				CLANG_WARN_NON_LITERAL_NULL_CONVERSION = YES;
				CLANG_WARN_OBJC_LITERAL_CONVERSION = YES;
				CLANG_WARN_OBJC_ROOT_CLASS = YES_ERROR;
				CLANG_WARN_RANGE_LOOP_ANALYSIS = YES;
				CLANG_WARN_STRICT_PROTOTYPES = YES;
				CLANG_WARN_SUSPICIOUS_MOVE = YES;
				CLANG_WARN_UNREACHABLE_CODE = YES;
				CLANG_WARN__DUPLICATE_METHOD_MATCH = YES;
				"CODE_SIGN_IDENTITY[sdk=iphoneos*]" = "iPhone Developer";
				COPY_PHASE_STRIP = NO;
				DEBUG_INFORMATION_FORMAT = "dwarf-with-dsym";
				ENABLE_NS_ASSERTIONS = NO;
				ENABLE_STRICT_OBJC_MSGSEND = YES;
				GCC_C_LANGUAGE_STANDARD = gnu99;
				GCC_NO_COMMON_BLOCKS = YES;
				GCC_WARN_64_TO_32_BIT_CONVERSION = YES;
				GCC_WARN_ABOUT_RETURN_TYPE = YES_ERROR;
				GCC_WARN_UNDECLARED_SELECTOR = YES;
				GCC_WARN_UNINITIALIZED_AUTOS = YES_AGGRESSIVE;
				GCC_WARN_UNUSED_FUNCTION = YES;
				GCC_WARN_UNUSED_VARIABLE = YES;
				IPHONEOS_DEPLOYMENT_TARGET = 10.3;
				MTL_ENABLE_DEBUG_INFO = NO;
				SDKROOT = iphoneos;
				SWIFT_OPTIMIZATION_LEVEL = "-Owholemodule";
				SWIFT_VERSION = 3.0;
				TARGETED_DEVICE_FAMILY = "1,2";
				VALIDATE_PRODUCT = YES;
			};
			name = Release;
		};
		66EEFD7C1F5FDDFA00C5C77A /* Debug */ = {
			isa = XCBuildConfiguration;
			baseConfigurationReference = 15FF0649DD0E7EB7825BC6E9 /* Pods-WongYiuNam-Doctor.debug.xcconfig */;
			buildSettings = {
				ASSETCATALOG_COMPILER_APPICON_NAME = AppIcon;
				CODE_SIGN_ENTITLEMENTS = "WongYiuNam-Doctor/WongYiuNam-Doctor.entitlements";
				CODE_SIGN_STYLE = Manual;
				DEVELOPMENT_TEAM = 8AN899D996;
				HEADERMAP_USES_VFS = YES;
				INFOPLIST_FILE = "WongYiuNam-Doctor/Info.plist";
				IPHONEOS_DEPLOYMENT_TARGET = 9.0;
				LD_RUNPATH_SEARCH_PATHS = "$(inherited) @executable_path/Frameworks";
				PRODUCT_BUNDLE_IDENTIFIER = com.rth.wongyiunam.doctor;
				PRODUCT_NAME = "$(TARGET_NAME)";
				PROVISIONING_PROFILE = "6a7ee551-f40e-4048-a1f3-723b96db4cfd";
				PROVISIONING_PROFILE_SPECIFIER = "match Development com.rth.wongyiunam.doctor";
				SWIFT_SWIFT3_OBJC_INFERENCE = On;
				SWIFT_VERSION = 3.0;
				TARGETED_DEVICE_FAMILY = "1,2";
			};
			name = Debug;
		};
		66EEFD7D1F5FDDFA00C5C77A /* Release */ = {
			isa = XCBuildConfiguration;
			baseConfigurationReference = CDD7792DF4821EE19E831AD3 /* Pods-WongYiuNam-Doctor.release.xcconfig */;
			buildSettings = {
				ASSETCATALOG_COMPILER_APPICON_NAME = AppIcon;
				CODE_SIGN_ENTITLEMENTS = "WongYiuNam-Doctor/WongYiuNam-Doctor.entitlements";
				"CODE_SIGN_IDENTITY[sdk=iphoneos*]" = "iPhone Distribution";
				CODE_SIGN_STYLE = Manual;
				DEVELOPMENT_TEAM = 8AN899D996;
				HEADERMAP_USES_VFS = YES;
				INFOPLIST_FILE = "WongYiuNam-Doctor/Info.plist";
				IPHONEOS_DEPLOYMENT_TARGET = 9.0;
				LD_RUNPATH_SEARCH_PATHS = "$(inherited) @executable_path/Frameworks";
				PRODUCT_BUNDLE_IDENTIFIER = com.rth.wongyiunam.doctor;
				PRODUCT_NAME = "$(TARGET_NAME)";
				PROVISIONING_PROFILE = "5b757434-feb1-4d06-8785-178baac54c35";
				PROVISIONING_PROFILE_SPECIFIER = "match AppStore com.rth.wongyiunam.doctor";
				SWIFT_SWIFT3_OBJC_INFERENCE = On;
				SWIFT_VERSION = 3.0;
				TARGETED_DEVICE_FAMILY = "1,2";
			};
			name = Release;
		};
		66EEFD7F1F5FDDFA00C5C77A /* Debug */ = {
			isa = XCBuildConfiguration;
			baseConfigurationReference = 9013FDB3FD376065D3453F04 /* Pods-WongYiuNam-DoctorTests.debug.xcconfig */;
			buildSettings = {
				ALWAYS_EMBED_SWIFT_STANDARD_LIBRARIES = YES;
				BUNDLE_LOADER = "$(TEST_HOST)";
				DEVELOPMENT_TEAM = 8AN899D996;
				INFOPLIST_FILE = "WongYiuNam-DoctorTests/Info.plist";
				LD_RUNPATH_SEARCH_PATHS = "$(inherited) @executable_path/Frameworks @loader_path/Frameworks";
				PRODUCT_BUNDLE_IDENTIFIER = "com.robusttechhouse.WongYiuNam-DoctorTests";
				PRODUCT_NAME = "$(TARGET_NAME)";
				SWIFT_SWIFT3_OBJC_INFERENCE = On;
				SWIFT_VERSION = 3.0;
				TEST_HOST = "$(BUILT_PRODUCTS_DIR)/WongYiuNam-Doctor.app/WongYiuNam-Doctor";
			};
			name = Debug;
		};
		66EEFD801F5FDDFA00C5C77A /* Release */ = {
			isa = XCBuildConfiguration;
			baseConfigurationReference = 8C165866F1FCF655C79FA40F /* Pods-WongYiuNam-DoctorTests.release.xcconfig */;
			buildSettings = {
				ALWAYS_EMBED_SWIFT_STANDARD_LIBRARIES = YES;
				BUNDLE_LOADER = "$(TEST_HOST)";
				DEVELOPMENT_TEAM = 8AN899D996;
				INFOPLIST_FILE = "WongYiuNam-DoctorTests/Info.plist";
				LD_RUNPATH_SEARCH_PATHS = "$(inherited) @executable_path/Frameworks @loader_path/Frameworks";
				PRODUCT_BUNDLE_IDENTIFIER = "com.robusttechhouse.WongYiuNam-DoctorTests";
				PRODUCT_NAME = "$(TARGET_NAME)";
				SWIFT_SWIFT3_OBJC_INFERENCE = On;
				SWIFT_VERSION = 3.0;
				TEST_HOST = "$(BUILT_PRODUCTS_DIR)/WongYiuNam-Doctor.app/WongYiuNam-Doctor";
			};
			name = Release;
		};
		66EEFD821F5FDDFA00C5C77A /* Debug */ = {
			isa = XCBuildConfiguration;
			baseConfigurationReference = 5D6B24860C19C4B148DDA717 /* Pods-WongYiuNam-DoctorUITests.debug.xcconfig */;
			buildSettings = {
				ALWAYS_EMBED_SWIFT_STANDARD_LIBRARIES = YES;
				DEVELOPMENT_TEAM = 8AN899D996;
				INFOPLIST_FILE = "WongYiuNam-DoctorUITests/Info.plist";
				LD_RUNPATH_SEARCH_PATHS = "$(inherited) @executable_path/Frameworks @loader_path/Frameworks";
				PRODUCT_BUNDLE_IDENTIFIER = "com.robusttechhouse.WongYiuNam-DoctorUITests";
				PRODUCT_NAME = "$(TARGET_NAME)";
				SWIFT_SWIFT3_OBJC_INFERENCE = On;
				SWIFT_VERSION = 3.0;
				TEST_TARGET_NAME = "WongYiuNam-Doctor";
			};
			name = Debug;
		};
		66EEFD831F5FDDFA00C5C77A /* Release */ = {
			isa = XCBuildConfiguration;
			baseConfigurationReference = 496435AF8C06C5E79B1D4A46 /* Pods-WongYiuNam-DoctorUITests.release.xcconfig */;
			buildSettings = {
				ALWAYS_EMBED_SWIFT_STANDARD_LIBRARIES = YES;
				DEVELOPMENT_TEAM = 8AN899D996;
				INFOPLIST_FILE = "WongYiuNam-DoctorUITests/Info.plist";
				LD_RUNPATH_SEARCH_PATHS = "$(inherited) @executable_path/Frameworks @loader_path/Frameworks";
				PRODUCT_BUNDLE_IDENTIFIER = "com.robusttechhouse.WongYiuNam-DoctorUITests";
				PRODUCT_NAME = "$(TARGET_NAME)";
				SWIFT_SWIFT3_OBJC_INFERENCE = On;
				SWIFT_VERSION = 3.0;
				TEST_TARGET_NAME = "WongYiuNam-Doctor";
			};
			name = Release;
		};
/* End XCBuildConfiguration section */

/* Begin XCConfigurationList section */
		66EEFD4E1F5FDDFA00C5C77A /* Build configuration list for PBXProject "WongYiuNam-Doctor" */ = {
			isa = XCConfigurationList;
			buildConfigurations = (
				66EEFD791F5FDDFA00C5C77A /* Debug */,
				66EEFD7A1F5FDDFA00C5C77A /* Release */,
			);
			defaultConfigurationIsVisible = 0;
			defaultConfigurationName = Release;
		};
		66EEFD7B1F5FDDFA00C5C77A /* Build configuration list for PBXNativeTarget "WongYiuNam-Doctor" */ = {
			isa = XCConfigurationList;
			buildConfigurations = (
				66EEFD7C1F5FDDFA00C5C77A /* Debug */,
				66EEFD7D1F5FDDFA00C5C77A /* Release */,
			);
			defaultConfigurationIsVisible = 0;
			defaultConfigurationName = Release;
		};
		66EEFD7E1F5FDDFA00C5C77A /* Build configuration list for PBXNativeTarget "WongYiuNam-DoctorTests" */ = {
			isa = XCConfigurationList;
			buildConfigurations = (
				66EEFD7F1F5FDDFA00C5C77A /* Debug */,
				66EEFD801F5FDDFA00C5C77A /* Release */,
			);
			defaultConfigurationIsVisible = 0;
			defaultConfigurationName = Release;
		};
		66EEFD811F5FDDFA00C5C77A /* Build configuration list for PBXNativeTarget "WongYiuNam-DoctorUITests" */ = {
			isa = XCConfigurationList;
			buildConfigurations = (
				66EEFD821F5FDDFA00C5C77A /* Debug */,
				66EEFD831F5FDDFA00C5C77A /* Release */,
			);
			defaultConfigurationIsVisible = 0;
			defaultConfigurationName = Release;
		};
/* End XCConfigurationList section */
	};
	rootObject = 66EEFD4B1F5FDDFA00C5C77A /* Project object */;
}
