PODS:
  - LTHRadioButton (1.2.0)
  - RxCocoa (3.6.1):
    - RxSwift (~> 3.6)
  - RxSwift (3.6.1)
  - SDWebImage (4.1.0):
    - SDWebImage/Core (= 4.1.0)
  - SDWebImage/Core (4.1.0)
  - SlideMenuControllerSwift (3.0.2)

DEPENDENCIES:
  - LTHRadioButton
  - RxCocoa
  - RxSwift
  - SDWebImage
  - SlideMenuControllerSwift

SPEC CHECKSUMS:
  LTHRadioButton: bcd4b49a8e0af81b5140e67583a868d96e956557
  RxCocoa: 84a08739ab186248c7f31ce4ee92d6f8a947d690
  RxSwift: f9de85ea20cd2f7716ee5409fc13523dc638e4e4
  SDWebImage: 0e435c14e402a6730315a0fb79f95e68654d55a4
  SlideMenuControllerSwift: 16001e1fd9963fd089fa6c91dbe18d4c148f0ce9

PODFILE CHECKSUM: 2e501ad048914b19a6fb3ad3c6c10fa35dc26d72

COCOAPODS: 1.3.1
