// !$*UTF8*$!
{
	archiveVersion = 1;
	classes = {
	};
	objectVersion = 46;
	objects = {

/* Begin PBXBuildFile section */
		66A3BD2E1F70D21200783BA5 /* PagingResponse.swift in Sources */ = {isa = PBXBuildFile; fileRef = 66A3BD2D1F70D21200783BA5 /* PagingResponse.swift */; };
		66EEFD911F5FDE0900C5C77A /* AppDelegate.swift in Sources */ = {isa = PBXBuildFile; fileRef = 66EEFD901F5FDE0900C5C77A /* AppDelegate.swift */; };
		66EEFD981F5FDE0900C5C77A /* Assets.xcassets in Resources */ = {isa = PBXBuildFile; fileRef = 66EEFD971F5FDE0900C5C77A /* Assets.xcassets */; };
		66EEFD9B1F5FDE0900C5C77A /* LaunchScreen.storyboard in Resources */ = {isa = PBXBuildFile; fileRef = 66EEFD991F5FDE0900C5C77A /* LaunchScreen.storyboard */; };
		66EEFDA61F5FDE0900C5C77A /* WongYiuNam_UserTests.swift in Sources */ = {isa = PBXBuildFile; fileRef = 66EEFDA51F5FDE0900C5C77A /* WongYiuNam_UserTests.swift */; };
		66EEFDB11F5FDE0900C5C77A /* WongYiuNam_UserUITests.swift in Sources */ = {isa = PBXBuildFile; fileRef = 66EEFDB01F5FDE0900C5C77A /* WongYiuNam_UserUITests.swift */; };
		840C03B01F78AE72009D86CD /* User.swift in Sources */ = {isa = PBXBuildFile; fileRef = 840C03AF1F78AE72009D86CD /* User.swift */; };
		840C03B21F78FE0A009D86CD /* DataManager.swift in Sources */ = {isa = PBXBuildFile; fileRef = 840C03B11F78FE0A009D86CD /* DataManager.swift */; };
		8421A7F31F6A3E15007406D3 /* DayInScheduleView.xib in Resources */ = {isa = PBXBuildFile; fileRef = 8421A7F21F6A3E15007406D3 /* DayInScheduleView.xib */; };
		8421A7F51F6A3E2E007406D3 /* DayInScheduleView.swift in Sources */ = {isa = PBXBuildFile; fileRef = 8421A7F41F6A3E2E007406D3 /* DayInScheduleView.swift */; };
		8427D7451F60FA3A007B34F4 /* UIViewController.swift in Sources */ = {isa = PBXBuildFile; fileRef = 8427D7441F60FA3A007B34F4 /* UIViewController.swift */; };
		8427D7471F6100D2007B34F4 /* UploadPrescriptionViewController.swift in Sources */ = {isa = PBXBuildFile; fileRef = 8427D7461F6100D2007B34F4 /* UploadPrescriptionViewController.swift */; };
		8427D7491F6100F9007B34F4 /* HelpCentreViewController.swift in Sources */ = {isa = PBXBuildFile; fileRef = 8427D7481F6100F9007B34F4 /* HelpCentreViewController.swift */; };
		8427D74B1F610110007B34F4 /* PrivacyPolicyViewController.swift in Sources */ = {isa = PBXBuildFile; fileRef = 8427D74A1F610110007B34F4 /* PrivacyPolicyViewController.swift */; };
		8427D74D1F610123007B34F4 /* UserAgreementViewController.swift in Sources */ = {isa = PBXBuildFile; fileRef = 8427D74C1F610123007B34F4 /* UserAgreementViewController.swift */; };
		8427D74F1F610194007B34F4 /* AboutUsViewController.swift in Sources */ = {isa = PBXBuildFile; fileRef = 8427D74E1F610194007B34F4 /* AboutUsViewController.swift */; };
		8427D7521F6122B2007B34F4 /* MenuTableViewCell.swift in Sources */ = {isa = PBXBuildFile; fileRef = 8427D7501F6122B2007B34F4 /* MenuTableViewCell.swift */; };
		8427D7531F6122B2007B34F4 /* MenuTableViewCell.xib in Resources */ = {isa = PBXBuildFile; fileRef = 8427D7511F6122B2007B34F4 /* MenuTableViewCell.xib */; };
		8452B6AF1F725D8300781AD7 /* CustomWebView.swift in Sources */ = {isa = PBXBuildFile; fileRef = 8452B6AE1F725D8300781AD7 /* CustomWebView.swift */; };
		8452B6B31F72812B00781AD7 /* ProductCell.swift in Sources */ = {isa = PBXBuildFile; fileRef = 8452B6B11F72812B00781AD7 /* ProductCell.swift */; };
		8452B6B41F72812B00781AD7 /* ProductCell.xib in Resources */ = {isa = PBXBuildFile; fileRef = 8452B6B21F72812B00781AD7 /* ProductCell.xib */; };
		8452B6B61F7284D600781AD7 /* FavoriteButton.swift in Sources */ = {isa = PBXBuildFile; fileRef = 8452B6B51F7284D600781AD7 /* FavoriteButton.swift */; };
		847A874F1F7E8368001A3A48 /* ErrorResponse.swift in Sources */ = {isa = PBXBuildFile; fileRef = 847A874E1F7E8368001A3A48 /* ErrorResponse.swift */; };
		847A87511F7EAC8D001A3A48 /* Answer.swift in Sources */ = {isa = PBXBuildFile; fileRef = 847A87501F7EAC8D001A3A48 /* Answer.swift */; };
		849A94791F60042F008ACB28 /* AskaDoctorViewController.swift in Sources */ = {isa = PBXBuildFile; fileRef = 849A94751F60042F008ACB28 /* AskaDoctorViewController.swift */; };
		849A947A1F60042F008ACB28 /* HomeViewController.swift in Sources */ = {isa = PBXBuildFile; fileRef = 849A94761F60042F008ACB28 /* HomeViewController.swift */; };
		849A947B1F60042F008ACB28 /* OnlineShopViewController.swift in Sources */ = {isa = PBXBuildFile; fileRef = 849A94771F60042F008ACB28 /* OnlineShopViewController.swift */; };
		849A947C1F60042F008ACB28 /* SocialWallViewController.swift in Sources */ = {isa = PBXBuildFile; fileRef = 849A94781F60042F008ACB28 /* SocialWallViewController.swift */; };
		849A94861F600504008ACB28 /* UIColor.swift in Sources */ = {isa = PBXBuildFile; fileRef = 849A94851F600504008ACB28 /* UIColor.swift */; };
		849A94881F600510008ACB28 /* UIApplication.swift in Sources */ = {isa = PBXBuildFile; fileRef = 849A94871F600510008ACB28 /* UIApplication.swift */; };
		849A948A1F60052D008ACB28 /* String.swift in Sources */ = {isa = PBXBuildFile; fileRef = 849A94891F60052D008ACB28 /* String.swift */; };
		849A948D1F60064F008ACB28 /* ExSlideMenuController.swift in Sources */ = {isa = PBXBuildFile; fileRef = 849A948B1F60064F008ACB28 /* ExSlideMenuController.swift */; };
		849A948E1F60064F008ACB28 /* LeftViewController.swift in Sources */ = {isa = PBXBuildFile; fileRef = 849A948C1F60064F008ACB28 /* LeftViewController.swift */; };
		849A94921F600746008ACB28 /* ImageHeaderView.swift in Sources */ = {isa = PBXBuildFile; fileRef = 849A94901F600746008ACB28 /* ImageHeaderView.swift */; };
		849A94931F600746008ACB28 /* ImageHeaderView.xib in Resources */ = {isa = PBXBuildFile; fileRef = 849A94911F600746008ACB28 /* ImageHeaderView.xib */; };
		849A949C1F60078A008ACB28 /* UITableViewExtension.swift in Sources */ = {isa = PBXBuildFile; fileRef = 849A949B1F60078A008ACB28 /* UITableViewExtension.swift */; };
		849A949E1F6007B1008ACB28 /* UIImageView.swift in Sources */ = {isa = PBXBuildFile; fileRef = 849A949D1F6007B1008ACB28 /* UIImageView.swift */; };
		849A94A01F600802008ACB28 /* UIImage.swift in Sources */ = {isa = PBXBuildFile; fileRef = 849A949F1F600802008ACB28 /* UIImage.swift */; };
		849A94A21F600A8C008ACB28 /* UIView.swift in Sources */ = {isa = PBXBuildFile; fileRef = 849A94A11F600A8C008ACB28 /* UIView.swift */; };
		84A72FD41F692DA7001B30E0 /* ApiManager.swift in Sources */ = {isa = PBXBuildFile; fileRef = 84A72FD31F692DA7001B30E0 /* ApiManager.swift */; };
		84A72FD61F694423001B30E0 /* Login.storyboard in Resources */ = {isa = PBXBuildFile; fileRef = 84A72FD51F694423001B30E0 /* Login.storyboard */; };
		84A72FD91F69482F001B30E0 /* SignInViewController.swift in Sources */ = {isa = PBXBuildFile; fileRef = 84A72FD81F69482F001B30E0 /* SignInViewController.swift */; };
		84A72FDB1F69483B001B30E0 /* RegisterViewController.swift in Sources */ = {isa = PBXBuildFile; fileRef = 84A72FDA1F69483B001B30E0 /* RegisterViewController.swift */; };
		84BE669C1F7500950025AAF6 /* ForgotPasswordViewController.swift in Sources */ = {isa = PBXBuildFile; fileRef = 84BE669A1F7500950025AAF6 /* ForgotPasswordViewController.swift */; };
		84BE669D1F7500950025AAF6 /* ForgotPasswordViewController.xib in Resources */ = {isa = PBXBuildFile; fileRef = 84BE669B1F7500950025AAF6 /* ForgotPasswordViewController.xib */; };
		84C10CF51F6678E0000B3CEF /* DoctorIntroductionViewController.swift in Sources */ = {isa = PBXBuildFile; fileRef = 84C10CF41F6678E0000B3CEF /* DoctorIntroductionViewController.swift */; };
		84C10CF71F6678F7000B3CEF /* AskaQuestionViewController.swift in Sources */ = {isa = PBXBuildFile; fileRef = 84C10CF61F6678F7000B3CEF /* AskaQuestionViewController.swift */; };
		84C10CF91F66792B000B3CEF /* ListenToAnswerViewController.swift in Sources */ = {isa = PBXBuildFile; fileRef = 84C10CF81F66792B000B3CEF /* ListenToAnswerViewController.swift */; };
		84C8C9011F67907B00AA5709 /* AskaDoctor.storyboard in Resources */ = {isa = PBXBuildFile; fileRef = 84C8C9001F67907B00AA5709 /* AskaDoctor.storyboard */; };
		84C8C9041F6791A100AA5709 /* Main.storyboard in Resources */ = {isa = PBXBuildFile; fileRef = 84C8C9021F6791A100AA5709 /* Main.storyboard */; };
		84C8C9071F67D49700AA5709 /* PayaQuestionViewController.swift in Sources */ = {isa = PBXBuildFile; fileRef = 84C8C9061F67D49700AA5709 /* PayaQuestionViewController.swift */; };
		84C8C9091F67D4A600AA5709 /* DoneaQuestionViewController.swift in Sources */ = {isa = PBXBuildFile; fileRef = 84C8C9081F67D4A600AA5709 /* DoneaQuestionViewController.swift */; };
		84C8C90C1F67EE1300AA5709 /* CheckBoxButton.swift in Sources */ = {isa = PBXBuildFile; fileRef = 84C8C90A1F67ECBB00AA5709 /* CheckBoxButton.swift */; };
		84C8C90E1F67FBA300AA5709 /* Camera.swift in Sources */ = {isa = PBXBuildFile; fileRef = 84C8C90D1F67FBA300AA5709 /* Camera.swift */; };
		84C954071F7A67650033B110 /* Utils.swift in Sources */ = {isa = PBXBuildFile; fileRef = 84C954061F7A67650033B110 /* Utils.swift */; };
		84E363BE1F6281C5008E1596 /* Global.swift in Sources */ = {isa = PBXBuildFile; fileRef = 84E363BD1F6281C4008E1596 /* Global.swift */; };
		84E363C21F62908E008E1596 /* NotificationsViewController.swift in Sources */ = {isa = PBXBuildFile; fileRef = 84E363C11F62908E008E1596 /* NotificationsViewController.swift */; };
		84E363C41F6290A1008E1596 /* InviteaFriendViewController.swift in Sources */ = {isa = PBXBuildFile; fileRef = 84E363C31F6290A1008E1596 /* InviteaFriendViewController.swift */; };
		84ED80A21F70D8A100BE256F /* BaseViewController.swift in Sources */ = {isa = PBXBuildFile; fileRef = 84ED80A11F70D8A100BE256F /* BaseViewController.swift */; };
		84F0A4CF1F6F6E8D007B5385 /* MyServerAPI.swift in Sources */ = {isa = PBXBuildFile; fileRef = 84F0A4CE1F6F6E8D007B5385 /* MyServerAPI.swift */; };
		84F0A4D21F6F6EEE007B5385 /* Doctor.swift in Sources */ = {isa = PBXBuildFile; fileRef = 84F0A4D11F6F6EEE007B5385 /* Doctor.swift */; };
		84F0A4D81F6F7B4B007B5385 /* DRPLoadingSpinner.swift in Sources */ = {isa = PBXBuildFile; fileRef = 84F0A4D71F6F7B4B007B5385 /* DRPLoadingSpinner.swift */; };
		84F91E761F7CFCBA0034DBFA /* Question.swift in Sources */ = {isa = PBXBuildFile; fileRef = 84F91E751F7CFCBA0034DBFA /* Question.swift */; };
		CCE06F91E7FE1768CF1120AE /* Pods_WongYiuNam_User.framework in Frameworks */ = {isa = PBXBuildFile; fileRef = 443B640EB9EEF75BB2EE0FD9 /* Pods_WongYiuNam_User.framework */; };
/* End PBXBuildFile section */

/* Begin PBXContainerItemProxy section */
		66EEFDA21F5FDE0900C5C77A /* PBXContainerItemProxy */ = {
			isa = PBXContainerItemProxy;
			containerPortal = 66EEFD851F5FDE0800C5C77A /* Project object */;
			proxyType = 1;
			remoteGlobalIDString = 66EEFD8C1F5FDE0900C5C77A;
			remoteInfo = "WongYiuNam-User";
		};
		66EEFDAD1F5FDE0900C5C77A /* PBXContainerItemProxy */ = {
			isa = PBXContainerItemProxy;
			containerPortal = 66EEFD851F5FDE0800C5C77A /* Project object */;
			proxyType = 1;
			remoteGlobalIDString = 66EEFD8C1F5FDE0900C5C77A;
			remoteInfo = "WongYiuNam-User";
		};
/* End PBXContainerItemProxy section */

/* Begin PBXFileReference section */
		443B640EB9EEF75BB2EE0FD9 /* Pods_WongYiuNam_User.framework */ = {isa = PBXFileReference; explicitFileType = wrapper.framework; includeInIndex = 0; path = Pods_WongYiuNam_User.framework; sourceTree = BUILT_PRODUCTS_DIR; };
		66A3BD2D1F70D21200783BA5 /* PagingResponse.swift */ = {isa = PBXFileReference; fileEncoding = 4; lastKnownFileType = sourcecode.swift; path = PagingResponse.swift; sourceTree = "<group>"; };
		66EEFD8D1F5FDE0900C5C77A /* WongYiuNam-User.app */ = {isa = PBXFileReference; explicitFileType = wrapper.application; includeInIndex = 0; path = "WongYiuNam-User.app"; sourceTree = BUILT_PRODUCTS_DIR; };
		66EEFD901F5FDE0900C5C77A /* AppDelegate.swift */ = {isa = PBXFileReference; lastKnownFileType = sourcecode.swift; path = AppDelegate.swift; sourceTree = "<group>"; };
		66EEFD971F5FDE0900C5C77A /* Assets.xcassets */ = {isa = PBXFileReference; lastKnownFileType = folder.assetcatalog; path = Assets.xcassets; sourceTree = "<group>"; };
		66EEFD9A1F5FDE0900C5C77A /* Base */ = {isa = PBXFileReference; lastKnownFileType = file.storyboard; name = Base; path = Base.lproj/LaunchScreen.storyboard; sourceTree = "<group>"; };
		66EEFD9C1F5FDE0900C5C77A /* Info.plist */ = {isa = PBXFileReference; lastKnownFileType = text.plist.xml; path = Info.plist; sourceTree = "<group>"; };
		66EEFDA11F5FDE0900C5C77A /* WongYiuNam-UserTests.xctest */ = {isa = PBXFileReference; explicitFileType = wrapper.cfbundle; includeInIndex = 0; path = "WongYiuNam-UserTests.xctest"; sourceTree = BUILT_PRODUCTS_DIR; };
		66EEFDA51F5FDE0900C5C77A /* WongYiuNam_UserTests.swift */ = {isa = PBXFileReference; lastKnownFileType = sourcecode.swift; path = WongYiuNam_UserTests.swift; sourceTree = "<group>"; };
		66EEFDA71F5FDE0900C5C77A /* Info.plist */ = {isa = PBXFileReference; lastKnownFileType = text.plist.xml; path = Info.plist; sourceTree = "<group>"; };
		66EEFDAC1F5FDE0900C5C77A /* WongYiuNam-UserUITests.xctest */ = {isa = PBXFileReference; explicitFileType = wrapper.cfbundle; includeInIndex = 0; path = "WongYiuNam-UserUITests.xctest"; sourceTree = BUILT_PRODUCTS_DIR; };
		66EEFDB01F5FDE0900C5C77A /* WongYiuNam_UserUITests.swift */ = {isa = PBXFileReference; lastKnownFileType = sourcecode.swift; path = WongYiuNam_UserUITests.swift; sourceTree = "<group>"; };
		66EEFDB21F5FDE0900C5C77A /* Info.plist */ = {isa = PBXFileReference; lastKnownFileType = text.plist.xml; path = Info.plist; sourceTree = "<group>"; };
		692292A5BEAC4BDC20076DB8 /* Pods-WongYiuNam-User.debug.xcconfig */ = {isa = PBXFileReference; includeInIndex = 1; lastKnownFileType = text.xcconfig; name = "Pods-WongYiuNam-User.debug.xcconfig"; path = "Pods/Target Support Files/Pods-WongYiuNam-User/Pods-WongYiuNam-User.debug.xcconfig"; sourceTree = "<group>"; };
		840C03AF1F78AE72009D86CD /* User.swift */ = {isa = PBXFileReference; fileEncoding = 4; lastKnownFileType = sourcecode.swift; path = User.swift; sourceTree = "<group>"; };
		840C03B11F78FE0A009D86CD /* DataManager.swift */ = {isa = PBXFileReference; fileEncoding = 4; lastKnownFileType = sourcecode.swift; path = DataManager.swift; sourceTree = "<group>"; };
		8421A7F21F6A3E15007406D3 /* DayInScheduleView.xib */ = {isa = PBXFileReference; fileEncoding = 4; lastKnownFileType = file.xib; path = DayInScheduleView.xib; sourceTree = "<group>"; };
		8421A7F41F6A3E2E007406D3 /* DayInScheduleView.swift */ = {isa = PBXFileReference; fileEncoding = 4; lastKnownFileType = sourcecode.swift; path = DayInScheduleView.swift; sourceTree = "<group>"; };
		8427D7441F60FA3A007B34F4 /* UIViewController.swift */ = {isa = PBXFileReference; fileEncoding = 4; lastKnownFileType = sourcecode.swift; path = UIViewController.swift; sourceTree = "<group>"; };
		8427D7461F6100D2007B34F4 /* UploadPrescriptionViewController.swift */ = {isa = PBXFileReference; fileEncoding = 4; lastKnownFileType = sourcecode.swift; path = UploadPrescriptionViewController.swift; sourceTree = "<group>"; };
		8427D7481F6100F9007B34F4 /* HelpCentreViewController.swift */ = {isa = PBXFileReference; fileEncoding = 4; lastKnownFileType = sourcecode.swift; path = HelpCentreViewController.swift; sourceTree = "<group>"; };
		8427D74A1F610110007B34F4 /* PrivacyPolicyViewController.swift */ = {isa = PBXFileReference; fileEncoding = 4; lastKnownFileType = sourcecode.swift; path = PrivacyPolicyViewController.swift; sourceTree = "<group>"; };
		8427D74C1F610123007B34F4 /* UserAgreementViewController.swift */ = {isa = PBXFileReference; fileEncoding = 4; lastKnownFileType = sourcecode.swift; path = UserAgreementViewController.swift; sourceTree = "<group>"; };
		8427D74E1F610194007B34F4 /* AboutUsViewController.swift */ = {isa = PBXFileReference; fileEncoding = 4; lastKnownFileType = sourcecode.swift; path = AboutUsViewController.swift; sourceTree = "<group>"; };
		8427D7501F6122B2007B34F4 /* MenuTableViewCell.swift */ = {isa = PBXFileReference; fileEncoding = 4; lastKnownFileType = sourcecode.swift; path = MenuTableViewCell.swift; sourceTree = "<group>"; };
		8427D7511F6122B2007B34F4 /* MenuTableViewCell.xib */ = {isa = PBXFileReference; fileEncoding = 4; lastKnownFileType = file.xib; path = MenuTableViewCell.xib; sourceTree = "<group>"; };
		8452B6AE1F725D8300781AD7 /* CustomWebView.swift */ = {isa = PBXFileReference; lastKnownFileType = sourcecode.swift; path = CustomWebView.swift; sourceTree = "<group>"; };
		8452B6B11F72812B00781AD7 /* ProductCell.swift */ = {isa = PBXFileReference; lastKnownFileType = sourcecode.swift; path = ProductCell.swift; sourceTree = "<group>"; };
		8452B6B21F72812B00781AD7 /* ProductCell.xib */ = {isa = PBXFileReference; lastKnownFileType = file.xib; path = ProductCell.xib; sourceTree = "<group>"; };
		8452B6B51F7284D600781AD7 /* FavoriteButton.swift */ = {isa = PBXFileReference; lastKnownFileType = sourcecode.swift; path = FavoriteButton.swift; sourceTree = "<group>"; };
		8452B6B81F7286BD00781AD7 /* Montserrat-Regular.ttf */ = {isa = PBXFileReference; lastKnownFileType = file; path = "Montserrat-Regular.ttf"; sourceTree = "<group>"; };
		847A874E1F7E8368001A3A48 /* ErrorResponse.swift */ = {isa = PBXFileReference; lastKnownFileType = sourcecode.swift; path = ErrorResponse.swift; sourceTree = "<group>"; };
		847A87501F7EAC8D001A3A48 /* Answer.swift */ = {isa = PBXFileReference; lastKnownFileType = sourcecode.swift; path = Answer.swift; sourceTree = "<group>"; };
		849A94751F60042F008ACB28 /* AskaDoctorViewController.swift */ = {isa = PBXFileReference; fileEncoding = 4; lastKnownFileType = sourcecode.swift; path = AskaDoctorViewController.swift; sourceTree = "<group>"; };
		849A94761F60042F008ACB28 /* HomeViewController.swift */ = {isa = PBXFileReference; fileEncoding = 4; lastKnownFileType = sourcecode.swift; path = HomeViewController.swift; sourceTree = "<group>"; };
		849A94771F60042F008ACB28 /* OnlineShopViewController.swift */ = {isa = PBXFileReference; fileEncoding = 4; lastKnownFileType = sourcecode.swift; path = OnlineShopViewController.swift; sourceTree = "<group>"; };
		849A94781F60042F008ACB28 /* SocialWallViewController.swift */ = {isa = PBXFileReference; fileEncoding = 4; lastKnownFileType = sourcecode.swift; path = SocialWallViewController.swift; sourceTree = "<group>"; };
		849A94851F600504008ACB28 /* UIColor.swift */ = {isa = PBXFileReference; fileEncoding = 4; lastKnownFileType = sourcecode.swift; path = UIColor.swift; sourceTree = "<group>"; };
		849A94871F600510008ACB28 /* UIApplication.swift */ = {isa = PBXFileReference; fileEncoding = 4; lastKnownFileType = sourcecode.swift; path = UIApplication.swift; sourceTree = "<group>"; };
		849A94891F60052D008ACB28 /* String.swift */ = {isa = PBXFileReference; fileEncoding = 4; lastKnownFileType = sourcecode.swift; path = String.swift; sourceTree = "<group>"; };
		849A948B1F60064F008ACB28 /* ExSlideMenuController.swift */ = {isa = PBXFileReference; fileEncoding = 4; lastKnownFileType = sourcecode.swift; path = ExSlideMenuController.swift; sourceTree = "<group>"; };
		849A948C1F60064F008ACB28 /* LeftViewController.swift */ = {isa = PBXFileReference; fileEncoding = 4; lastKnownFileType = sourcecode.swift; path = LeftViewController.swift; sourceTree = "<group>"; };
		849A94901F600746008ACB28 /* ImageHeaderView.swift */ = {isa = PBXFileReference; fileEncoding = 4; lastKnownFileType = sourcecode.swift; path = ImageHeaderView.swift; sourceTree = "<group>"; };
		849A94911F600746008ACB28 /* ImageHeaderView.xib */ = {isa = PBXFileReference; fileEncoding = 4; lastKnownFileType = file.xib; path = ImageHeaderView.xib; sourceTree = "<group>"; };
		849A949B1F60078A008ACB28 /* UITableViewExtension.swift */ = {isa = PBXFileReference; fileEncoding = 4; lastKnownFileType = sourcecode.swift; path = UITableViewExtension.swift; sourceTree = "<group>"; };
		849A949D1F6007B1008ACB28 /* UIImageView.swift */ = {isa = PBXFileReference; fileEncoding = 4; lastKnownFileType = sourcecode.swift; path = UIImageView.swift; sourceTree = "<group>"; };
		849A949F1F600802008ACB28 /* UIImage.swift */ = {isa = PBXFileReference; fileEncoding = 4; lastKnownFileType = sourcecode.swift; path = UIImage.swift; sourceTree = "<group>"; };
		849A94A11F600A8C008ACB28 /* UIView.swift */ = {isa = PBXFileReference; fileEncoding = 4; lastKnownFileType = sourcecode.swift; path = UIView.swift; sourceTree = "<group>"; };
		84A72FD31F692DA7001B30E0 /* ApiManager.swift */ = {isa = PBXFileReference; fileEncoding = 4; lastKnownFileType = sourcecode.swift; path = ApiManager.swift; sourceTree = "<group>"; };
		84A72FD51F694423001B30E0 /* Login.storyboard */ = {isa = PBXFileReference; fileEncoding = 4; lastKnownFileType = file.storyboard; path = Login.storyboard; sourceTree = "<group>"; };
		84A72FD81F69482F001B30E0 /* SignInViewController.swift */ = {isa = PBXFileReference; fileEncoding = 4; lastKnownFileType = sourcecode.swift; path = SignInViewController.swift; sourceTree = "<group>"; };
		84A72FDA1F69483B001B30E0 /* RegisterViewController.swift */ = {isa = PBXFileReference; fileEncoding = 4; lastKnownFileType = sourcecode.swift; path = RegisterViewController.swift; sourceTree = "<group>"; };
		84BE669A1F7500950025AAF6 /* ForgotPasswordViewController.swift */ = {isa = PBXFileReference; fileEncoding = 4; lastKnownFileType = sourcecode.swift; path = ForgotPasswordViewController.swift; sourceTree = "<group>"; };
		84BE669B1F7500950025AAF6 /* ForgotPasswordViewController.xib */ = {isa = PBXFileReference; fileEncoding = 4; lastKnownFileType = file.xib; path = ForgotPasswordViewController.xib; sourceTree = "<group>"; };
		84C10CF41F6678E0000B3CEF /* DoctorIntroductionViewController.swift */ = {isa = PBXFileReference; fileEncoding = 4; lastKnownFileType = sourcecode.swift; path = DoctorIntroductionViewController.swift; sourceTree = "<group>"; };
		84C10CF61F6678F7000B3CEF /* AskaQuestionViewController.swift */ = {isa = PBXFileReference; fileEncoding = 4; lastKnownFileType = sourcecode.swift; path = AskaQuestionViewController.swift; sourceTree = "<group>"; };
		84C10CF81F66792B000B3CEF /* ListenToAnswerViewController.swift */ = {isa = PBXFileReference; fileEncoding = 4; lastKnownFileType = sourcecode.swift; path = ListenToAnswerViewController.swift; sourceTree = "<group>"; };
		84C8C9001F67907B00AA5709 /* AskaDoctor.storyboard */ = {isa = PBXFileReference; fileEncoding = 4; lastKnownFileType = file.storyboard; path = AskaDoctor.storyboard; sourceTree = "<group>"; };
		84C8C9031F6791A100AA5709 /* Base */ = {isa = PBXFileReference; lastKnownFileType = file.storyboard; name = Base; path = Base.lproj/Main.storyboard; sourceTree = "<group>"; };
		84C8C9061F67D49700AA5709 /* PayaQuestionViewController.swift */ = {isa = PBXFileReference; fileEncoding = 4; lastKnownFileType = sourcecode.swift; path = PayaQuestionViewController.swift; sourceTree = "<group>"; };
		84C8C9081F67D4A600AA5709 /* DoneaQuestionViewController.swift */ = {isa = PBXFileReference; fileEncoding = 4; lastKnownFileType = sourcecode.swift; path = DoneaQuestionViewController.swift; sourceTree = "<group>"; };
		84C8C90A1F67ECBB00AA5709 /* CheckBoxButton.swift */ = {isa = PBXFileReference; fileEncoding = 4; lastKnownFileType = sourcecode.swift; path = CheckBoxButton.swift; sourceTree = "<group>"; };
		84C8C90D1F67FBA300AA5709 /* Camera.swift */ = {isa = PBXFileReference; fileEncoding = 4; lastKnownFileType = sourcecode.swift; path = Camera.swift; sourceTree = "<group>"; };
		84C954061F7A67650033B110 /* Utils.swift */ = {isa = PBXFileReference; lastKnownFileType = sourcecode.swift; path = Utils.swift; sourceTree = "<group>"; };
		84E363BD1F6281C4008E1596 /* Global.swift */ = {isa = PBXFileReference; fileEncoding = 4; lastKnownFileType = sourcecode.swift; path = Global.swift; sourceTree = "<group>"; };
		84E363C11F62908E008E1596 /* NotificationsViewController.swift */ = {isa = PBXFileReference; fileEncoding = 4; lastKnownFileType = sourcecode.swift; path = NotificationsViewController.swift; sourceTree = "<group>"; };
		84E363C31F6290A1008E1596 /* InviteaFriendViewController.swift */ = {isa = PBXFileReference; fileEncoding = 4; lastKnownFileType = sourcecode.swift; path = InviteaFriendViewController.swift; sourceTree = "<group>"; };
		84ED80A11F70D8A100BE256F /* BaseViewController.swift */ = {isa = PBXFileReference; fileEncoding = 4; lastKnownFileType = sourcecode.swift; path = BaseViewController.swift; sourceTree = "<group>"; };
		84F0A4CE1F6F6E8D007B5385 /* MyServerAPI.swift */ = {isa = PBXFileReference; fileEncoding = 4; lastKnownFileType = sourcecode.swift; path = MyServerAPI.swift; sourceTree = "<group>"; };
		84F0A4D11F6F6EEE007B5385 /* Doctor.swift */ = {isa = PBXFileReference; fileEncoding = 4; lastKnownFileType = sourcecode.swift; path = Doctor.swift; sourceTree = "<group>"; };
		84F0A4D71F6F7B4B007B5385 /* DRPLoadingSpinner.swift */ = {isa = PBXFileReference; fileEncoding = 4; lastKnownFileType = sourcecode.swift; path = DRPLoadingSpinner.swift; sourceTree = "<group>"; };
		84F91E751F7CFCBA0034DBFA /* Question.swift */ = {isa = PBXFileReference; lastKnownFileType = sourcecode.swift; path = Question.swift; sourceTree = "<group>"; };
		A4F52D4B48895826B569298B /* Pods-WongYiuNam-User.release.xcconfig */ = {isa = PBXFileReference; includeInIndex = 1; lastKnownFileType = text.xcconfig; name = "Pods-WongYiuNam-User.release.xcconfig"; path = "Pods/Target Support Files/Pods-WongYiuNam-User/Pods-WongYiuNam-User.release.xcconfig"; sourceTree = "<group>"; };
/* End PBXFileReference section */

/* Begin PBXFrameworksBuildPhase section */
		66EEFD8A1F5FDE0900C5C77A /* Frameworks */ = {
			isa = PBXFrameworksBuildPhase;
			buildActionMask = 2147483647;
			files = (
				CCE06F91E7FE1768CF1120AE /* Pods_WongYiuNam_User.framework in Frameworks */,
			);
			runOnlyForDeploymentPostprocessing = 0;
		};
		66EEFD9E1F5FDE0900C5C77A /* Frameworks */ = {
			isa = PBXFrameworksBuildPhase;
			buildActionMask = 2147483647;
			files = (
			);
			runOnlyForDeploymentPostprocessing = 0;
		};
		66EEFDA91F5FDE0900C5C77A /* Frameworks */ = {
			isa = PBXFrameworksBuildPhase;
			buildActionMask = 2147483647;
			files = (
			);
			runOnlyForDeploymentPostprocessing = 0;
		};
/* End PBXFrameworksBuildPhase section */

/* Begin PBXGroup section */
		163ABEAAB92817B16F542247 /* Frameworks */ = {
			isa = PBXGroup;
			children = (
				443B640EB9EEF75BB2EE0FD9 /* Pods_WongYiuNam_User.framework */,
			);
			name = Frameworks;
			sourceTree = "<group>";
		};
		4F919CF2906A4A2B72E20175 /* Pods */ = {
			isa = PBXGroup;
			children = (
				692292A5BEAC4BDC20076DB8 /* Pods-WongYiuNam-User.debug.xcconfig */,
				A4F52D4B48895826B569298B /* Pods-WongYiuNam-User.release.xcconfig */,
			);
			name = Pods;
			sourceTree = "<group>";
		};
		66EEFD841F5FDE0800C5C77A = {
			isa = PBXGroup;
			children = (
				66EEFD8F1F5FDE0900C5C77A /* WongYiuNam-User */,
				66EEFDA41F5FDE0900C5C77A /* WongYiuNam-UserTests */,
				66EEFDAF1F5FDE0900C5C77A /* WongYiuNam-UserUITests */,
				66EEFD8E1F5FDE0900C5C77A /* Products */,
				4F919CF2906A4A2B72E20175 /* Pods */,
				163ABEAAB92817B16F542247 /* Frameworks */,
			);
			sourceTree = "<group>";
		};
		66EEFD8E1F5FDE0900C5C77A /* Products */ = {
			isa = PBXGroup;
			children = (
				66EEFD8D1F5FDE0900C5C77A /* WongYiuNam-User.app */,
				66EEFDA11F5FDE0900C5C77A /* WongYiuNam-UserTests.xctest */,
				66EEFDAC1F5FDE0900C5C77A /* WongYiuNam-UserUITests.xctest */,
			);
			name = Products;
			sourceTree = "<group>";
		};
		66EEFD8F1F5FDE0900C5C77A /* WongYiuNam-User */ = {
			isa = PBXGroup;
			children = (
				66EEFD901F5FDE0900C5C77A /* AppDelegate.swift */,
				66EEFD971F5FDE0900C5C77A /* Assets.xcassets */,
				66EEFD991F5FDE0900C5C77A /* LaunchScreen.storyboard */,
				66EEFD9C1F5FDE0900C5C77A /* Info.plist */,
				84B528871F7A3984005B6DE0 /* Font */,
				84B528881F7A3998005B6DE0 /* Extension */,
				84B5288A1F7A39B4005B6DE0 /* Models */,
				84B528921F7A3A57005B6DE0 /* Popup */,
				84B528911F7A3A34005B6DE0 /* Controller */,
				84B5288D1F7A39E7005B6DE0 /* ViewController */,
				84B5288B1F7A39C1005B6DE0 /* View */,
				84B528941F7A3A81005B6DE0 /* Storyboard */,
				84B528931F7A3A70005B6DE0 /* Utils */,
			);
			path = "WongYiuNam-User";
			sourceTree = "<group>";
		};
		66EEFDA41F5FDE0900C5C77A /* WongYiuNam-UserTests */ = {
			isa = PBXGroup;
			children = (
				66EEFDA51F5FDE0900C5C77A /* WongYiuNam_UserTests.swift */,
				66EEFDA71F5FDE0900C5C77A /* Info.plist */,
			);
			path = "WongYiuNam-UserTests";
			sourceTree = "<group>";
		};
		66EEFDAF1F5FDE0900C5C77A /* WongYiuNam-UserUITests */ = {
			isa = PBXGroup;
			children = (
				66EEFDB01F5FDE0900C5C77A /* WongYiuNam_UserUITests.swift */,
				66EEFDB21F5FDE0900C5C77A /* Info.plist */,
			);
			path = "WongYiuNam-UserUITests";
			sourceTree = "<group>";
		};
		8452B6B01F727EEA00781AD7 /* Online Shop */ = {
			isa = PBXGroup;
			children = (
				849A94771F60042F008ACB28 /* OnlineShopViewController.swift */,
				8452B6B11F72812B00781AD7 /* ProductCell.swift */,
				8452B6B21F72812B00781AD7 /* ProductCell.xib */,
			);
			name = "Online Shop";
			path = ..;
			sourceTree = "<group>";
		};
		84A72FD71F69477A001B30E0 /* Login */ = {
			isa = PBXGroup;
			children = (
				84A72FD81F69482F001B30E0 /* SignInViewController.swift */,
				84A72FDA1F69483B001B30E0 /* RegisterViewController.swift */,
			);
			name = Login;
			path = ..;
			sourceTree = "<group>";
		};
		84B528871F7A3984005B6DE0 /* Font */ = {
			isa = PBXGroup;
			children = (
				8452B6B81F7286BD00781AD7 /* Montserrat-Regular.ttf */,
			);
			path = Font;
			sourceTree = "<group>";
		};
		84B528881F7A3998005B6DE0 /* Extension */ = {
			isa = PBXGroup;
			children = (
				84ED80A11F70D8A100BE256F /* BaseViewController.swift */,
				849A949D1F6007B1008ACB28 /* UIImageView.swift */,
				849A949F1F600802008ACB28 /* UIImage.swift */,
				849A949B1F60078A008ACB28 /* UITableViewExtension.swift */,
				849A94871F600510008ACB28 /* UIApplication.swift */,
				849A94851F600504008ACB28 /* UIColor.swift */,
				849A94A11F600A8C008ACB28 /* UIView.swift */,
				849A94891F60052D008ACB28 /* String.swift */,
				8427D7441F60FA3A007B34F4 /* UIViewController.swift */,
				84F0A4D71F6F7B4B007B5385 /* DRPLoadingSpinner.swift */,
				8452B6AE1F725D8300781AD7 /* CustomWebView.swift */,
				8452B6B51F7284D600781AD7 /* FavoriteButton.swift */,
			);
			path = Extension;
			sourceTree = "<group>";
		};
		84B5288A1F7A39B4005B6DE0 /* Models */ = {
			isa = PBXGroup;
			children = (
				84F0A4D11F6F6EEE007B5385 /* Doctor.swift */,
				66A3BD2D1F70D21200783BA5 /* PagingResponse.swift */,
				840C03AF1F78AE72009D86CD /* User.swift */,
				84F91E751F7CFCBA0034DBFA /* Question.swift */,
				847A874E1F7E8368001A3A48 /* ErrorResponse.swift */,
				847A87501F7EAC8D001A3A48 /* Answer.swift */,
			);
			path = Models;
			sourceTree = "<group>";
		};
		84B5288B1F7A39C1005B6DE0 /* View */ = {
			isa = PBXGroup;
			children = (
				84C8C90A1F67ECBB00AA5709 /* CheckBoxButton.swift */,
				849A94901F600746008ACB28 /* ImageHeaderView.swift */,
				849A94911F600746008ACB28 /* ImageHeaderView.xib */,
				8427D7501F6122B2007B34F4 /* MenuTableViewCell.swift */,
				8427D7511F6122B2007B34F4 /* MenuTableViewCell.xib */,
				8421A7F41F6A3E2E007406D3 /* DayInScheduleView.swift */,
				8421A7F21F6A3E15007406D3 /* DayInScheduleView.xib */,
			);
			path = View;
			sourceTree = "<group>";
		};
		84B5288D1F7A39E7005B6DE0 /* ViewController */ = {
			isa = PBXGroup;
			children = (
				8452B6B01F727EEA00781AD7 /* Online Shop */,
				84A72FD71F69477A001B30E0 /* Login */,
				84C10CF31F6678B7000B3CEF /* Ask a Doctor */,
				849A948B1F60064F008ACB28 /* ExSlideMenuController.swift */,
				849A948C1F60064F008ACB28 /* LeftViewController.swift */,
				849A94761F60042F008ACB28 /* HomeViewController.swift */,
				849A94781F60042F008ACB28 /* SocialWallViewController.swift */,
				8427D7461F6100D2007B34F4 /* UploadPrescriptionViewController.swift */,
				8427D7481F6100F9007B34F4 /* HelpCentreViewController.swift */,
				8427D74A1F610110007B34F4 /* PrivacyPolicyViewController.swift */,
				8427D74C1F610123007B34F4 /* UserAgreementViewController.swift */,
				8427D74E1F610194007B34F4 /* AboutUsViewController.swift */,
				84E363C11F62908E008E1596 /* NotificationsViewController.swift */,
				84E363C31F6290A1008E1596 /* InviteaFriendViewController.swift */,
			);
			path = ViewController;
			sourceTree = "<group>";
		};
		84B528911F7A3A34005B6DE0 /* Controller */ = {
			isa = PBXGroup;
			children = (
				84C8C90D1F67FBA300AA5709 /* Camera.swift */,
			);
			path = Controller;
			sourceTree = "<group>";
		};
		84B528921F7A3A57005B6DE0 /* Popup */ = {
			isa = PBXGroup;
			children = (
				84BE669A1F7500950025AAF6 /* ForgotPasswordViewController.swift */,
				84BE669B1F7500950025AAF6 /* ForgotPasswordViewController.xib */,
			);
			path = Popup;
			sourceTree = "<group>";
		};
		84B528931F7A3A70005B6DE0 /* Utils */ = {
			isa = PBXGroup;
			children = (
				84E363BD1F6281C4008E1596 /* Global.swift */,
				84A72FD31F692DA7001B30E0 /* ApiManager.swift */,
				84F0A4CE1F6F6E8D007B5385 /* MyServerAPI.swift */,
				840C03B11F78FE0A009D86CD /* DataManager.swift */,
				84C954061F7A67650033B110 /* Utils.swift */,
			);
			path = Utils;
			sourceTree = "<group>";
		};
		84B528941F7A3A81005B6DE0 /* Storyboard */ = {
			isa = PBXGroup;
			children = (
				84C8C9001F67907B00AA5709 /* AskaDoctor.storyboard */,
				84C8C9021F6791A100AA5709 /* Main.storyboard */,
				84A72FD51F694423001B30E0 /* Login.storyboard */,
			);
			path = Storyboard;
			sourceTree = "<group>";
		};
		84C10CF31F6678B7000B3CEF /* Ask a Doctor */ = {
			isa = PBXGroup;
			children = (
				849A94751F60042F008ACB28 /* AskaDoctorViewController.swift */,
				84C10CF41F6678E0000B3CEF /* DoctorIntroductionViewController.swift */,
				84C10CF81F66792B000B3CEF /* ListenToAnswerViewController.swift */,
				84C10CF61F6678F7000B3CEF /* AskaQuestionViewController.swift */,
				84C8C9061F67D49700AA5709 /* PayaQuestionViewController.swift */,
				84C8C9081F67D4A600AA5709 /* DoneaQuestionViewController.swift */,
			);
			name = "Ask a Doctor";
			path = ..;
			sourceTree = "<group>";
		};
/* End PBXGroup section */

/* Begin PBXNativeTarget section */
		66EEFD8C1F5FDE0900C5C77A /* WongYiuNam-User */ = {
			isa = PBXNativeTarget;
			buildConfigurationList = 66EEFDB51F5FDE0900C5C77A /* Build configuration list for PBXNativeTarget "WongYiuNam-User" */;
			buildPhases = (
				2FB2645B91F320E49B397627 /* [CP] Check Pods Manifest.lock */,
				66EEFD891F5FDE0900C5C77A /* Sources */,
				66EEFD8A1F5FDE0900C5C77A /* Frameworks */,
				66EEFD8B1F5FDE0900C5C77A /* Resources */,
				1A2752642E08E5C252F48917 /* [CP] Embed Pods Frameworks */,
				A3F278E9BE56F9DB20B60356 /* [CP] Copy Pods Resources */,
			);
			buildRules = (
			);
			dependencies = (
			);
			name = "WongYiuNam-User";
			productName = "WongYiuNam-User";
			productReference = 66EEFD8D1F5FDE0900C5C77A /* WongYiuNam-User.app */;
			productType = "com.apple.product-type.application";
		};
		66EEFDA01F5FDE0900C5C77A /* WongYiuNam-UserTests */ = {
			isa = PBXNativeTarget;
			buildConfigurationList = 66EEFDB81F5FDE0900C5C77A /* Build configuration list for PBXNativeTarget "WongYiuNam-UserTests" */;
			buildPhases = (
				66EEFD9D1F5FDE0900C5C77A /* Sources */,
				66EEFD9E1F5FDE0900C5C77A /* Frameworks */,
				66EEFD9F1F5FDE0900C5C77A /* Resources */,
			);
			buildRules = (
			);
			dependencies = (
				66EEFDA31F5FDE0900C5C77A /* PBXTargetDependency */,
			);
			name = "WongYiuNam-UserTests";
			productName = "WongYiuNam-UserTests";
			productReference = 66EEFDA11F5FDE0900C5C77A /* WongYiuNam-UserTests.xctest */;
			productType = "com.apple.product-type.bundle.unit-test";
		};
		66EEFDAB1F5FDE0900C5C77A /* WongYiuNam-UserUITests */ = {
			isa = PBXNativeTarget;
			buildConfigurationList = 66EEFDBB1F5FDE0900C5C77A /* Build configuration list for PBXNativeTarget "WongYiuNam-UserUITests" */;
			buildPhases = (
				66EEFDA81F5FDE0900C5C77A /* Sources */,
				66EEFDA91F5FDE0900C5C77A /* Frameworks */,
				66EEFDAA1F5FDE0900C5C77A /* Resources */,
			);
			buildRules = (
			);
			dependencies = (
				66EEFDAE1F5FDE0900C5C77A /* PBXTargetDependency */,
			);
			name = "WongYiuNam-UserUITests";
			productName = "WongYiuNam-UserUITests";
			productReference = 66EEFDAC1F5FDE0900C5C77A /* WongYiuNam-UserUITests.xctest */;
			productType = "com.apple.product-type.bundle.ui-testing";
		};
/* End PBXNativeTarget section */

/* Begin PBXProject section */
		66EEFD851F5FDE0800C5C77A /* Project object */ = {
			isa = PBXProject;
			attributes = {
				LastSwiftUpdateCheck = 0830;
				LastUpgradeCheck = 0900;
				ORGANIZATIONNAME = RTH;
				TargetAttributes = {
					66EEFD8C1F5FDE0900C5C77A = {
						CreatedOnToolsVersion = 8.3.3;
						DevelopmentTeam = 8AN899D996;
						LastSwiftMigration = 0900;
						ProvisioningStyle = Manual;
					};
					66EEFDA01F5FDE0900C5C77A = {
						CreatedOnToolsVersion = 8.3.3;
						DevelopmentTeam = 8AN899D996;
						LastSwiftMigration = 0900;
						ProvisioningStyle = Automatic;
						TestTargetID = 66EEFD8C1F5FDE0900C5C77A;
					};
					66EEFDAB1F5FDE0900C5C77A = {
						CreatedOnToolsVersion = 8.3.3;
						DevelopmentTeam = 8AN899D996;
						LastSwiftMigration = 0900;
						ProvisioningStyle = Automatic;
						TestTargetID = 66EEFD8C1F5FDE0900C5C77A;
					};
				};
			};
			buildConfigurationList = 66EEFD881F5FDE0800C5C77A /* Build configuration list for PBXProject "WongYiuNam-User" */;
			compatibilityVersion = "Xcode 3.2";
			developmentRegion = English;
			hasScannedForEncodings = 0;
			knownRegions = (
				en,
				Base,
			);
			mainGroup = 66EEFD841F5FDE0800C5C77A;
			productRefGroup = 66EEFD8E1F5FDE0900C5C77A /* Products */;
			projectDirPath = "";
			projectRoot = "";
			targets = (
				66EEFD8C1F5FDE0900C5C77A /* WongYiuNam-User */,
				66EEFDA01F5FDE0900C5C77A /* WongYiuNam-UserTests */,
				66EEFDAB1F5FDE0900C5C77A /* WongYiuNam-UserUITests */,
			);
		};
/* End PBXProject section */

/* Begin PBXResourcesBuildPhase section */
		66EEFD8B1F5FDE0900C5C77A /* Resources */ = {
			isa = PBXResourcesBuildPhase;
			buildActionMask = 2147483647;
			files = (
				8452B6B41F72812B00781AD7 /* ProductCell.xib in Resources */,
				66EEFD9B1F5FDE0900C5C77A /* LaunchScreen.storyboard in Resources */,
				84C8C9011F67907B00AA5709 /* AskaDoctor.storyboard in Resources */,
				84A72FD61F694423001B30E0 /* Login.storyboard in Resources */,
				84BE669D1F7500950025AAF6 /* ForgotPasswordViewController.xib in Resources */,
				66EEFD981F5FDE0900C5C77A /* Assets.xcassets in Resources */,
				8421A7F31F6A3E15007406D3 /* DayInScheduleView.xib in Resources */,
				84C8C9041F6791A100AA5709 /* Main.storyboard in Resources */,
				8427D7531F6122B2007B34F4 /* MenuTableViewCell.xib in Resources */,
				849A94931F600746008ACB28 /* ImageHeaderView.xib in Resources */,
			);
			runOnlyForDeploymentPostprocessing = 0;
		};
		66EEFD9F1F5FDE0900C5C77A /* Resources */ = {
			isa = PBXResourcesBuildPhase;
			buildActionMask = 2147483647;
			files = (
			);
			runOnlyForDeploymentPostprocessing = 0;
		};
		66EEFDAA1F5FDE0900C5C77A /* Resources */ = {
			isa = PBXResourcesBuildPhase;
			buildActionMask = 2147483647;
			files = (
			);
			runOnlyForDeploymentPostprocessing = 0;
		};
/* End PBXResourcesBuildPhase section */

/* Begin PBXShellScriptBuildPhase section */
		1A2752642E08E5C252F48917 /* [CP] Embed Pods Frameworks */ = {
			isa = PBXShellScriptBuildPhase;
			buildActionMask = 2147483647;
			files = (
			);
			inputPaths = (
				"${SRCROOT}/Pods/Target Support Files/Pods-WongYiuNam-User/Pods-WongYiuNam-User-frameworks.sh",
				"${BUILT_PRODUCTS_DIR}/Alamofire/Alamofire.framework",
				"${BUILT_PRODUCTS_DIR}/Bolts/Bolts.framework",
				"${BUILT_PRODUCTS_DIR}/DRPLoadingSpinner/DRPLoadingSpinner.framework",
				"${BUILT_PRODUCTS_DIR}/FBSDKCoreKit/FBSDKCoreKit.framework",
				"${BUILT_PRODUCTS_DIR}/FBSDKLoginKit/FBSDKLoginKit.framework",
				"${BUILT_PRODUCTS_DIR}/FacebookCore/FacebookCore.framework",
				"${BUILT_PRODUCTS_DIR}/FacebookLogin/FacebookLogin.framework",
				"${BUILT_PRODUCTS_DIR}/KRActivityIndicatorView/KRActivityIndicatorView.framework",
				"${BUILT_PRODUCTS_DIR}/KRProgressHUD/KRProgressHUD.framework",
				"${BUILT_PRODUCTS_DIR}/LTHRadioButton/LTHRadioButton.framework",
				"${BUILT_PRODUCTS_DIR}/Moya/Moya.framework",
				"${BUILT_PRODUCTS_DIR}/Moya-ObjectMapper/Moya_ObjectMapper.framework",
				"${BUILT_PRODUCTS_DIR}/ObjectMapper/ObjectMapper.framework",
				"${BUILT_PRODUCTS_DIR}/PopupDialog/PopupDialog.framework",
				"${BUILT_PRODUCTS_DIR}/Result/Result.framework",
				"${BUILT_PRODUCTS_DIR}/RxCocoa/RxCocoa.framework",
				"${BUILT_PRODUCTS_DIR}/RxSwift/RxSwift.framework",
				"${BUILT_PRODUCTS_DIR}/SDWebImage/SDWebImage.framework",
				"${BUILT_PRODUCTS_DIR}/SlideMenuControllerSwift/SlideMenuControllerSwift.framework",
				"${BUILT_PRODUCTS_DIR}/UILoadControl/UILoadControl.framework",
			);
			name = "[CP] Embed Pods Frameworks";
			outputPaths = (
				"${TARGET_BUILD_DIR}/${FRAMEWORKS_FOLDER_PATH}/Alamofire.framework",
				"${TARGET_BUILD_DIR}/${FRAMEWORKS_FOLDER_PATH}/Bolts.framework",
				"${TARGET_BUILD_DIR}/${FRAMEWORKS_FOLDER_PATH}/DRPLoadingSpinner.framework",
				"${TARGET_BUILD_DIR}/${FRAMEWORKS_FOLDER_PATH}/FBSDKCoreKit.framework",
				"${TARGET_BUILD_DIR}/${FRAMEWORKS_FOLDER_PATH}/FBSDKLoginKit.framework",
				"${TARGET_BUILD_DIR}/${FRAMEWORKS_FOLDER_PATH}/FacebookCore.framework",
				"${TARGET_BUILD_DIR}/${FRAMEWORKS_FOLDER_PATH}/FacebookLogin.framework",
				"${TARGET_BUILD_DIR}/${FRAMEWORKS_FOLDER_PATH}/KRActivityIndicatorView.framework",
				"${TARGET_BUILD_DIR}/${FRAMEWORKS_FOLDER_PATH}/KRProgressHUD.framework",
				"${TARGET_BUILD_DIR}/${FRAMEWORKS_FOLDER_PATH}/LTHRadioButton.framework",
				"${TARGET_BUILD_DIR}/${FRAMEWORKS_FOLDER_PATH}/Moya.framework",
				"${TARGET_BUILD_DIR}/${FRAMEWORKS_FOLDER_PATH}/Moya_ObjectMapper.framework",
				"${TARGET_BUILD_DIR}/${FRAMEWORKS_FOLDER_PATH}/ObjectMapper.framework",
				"${TARGET_BUILD_DIR}/${FRAMEWORKS_FOLDER_PATH}/PopupDialog.framework",
				"${TARGET_BUILD_DIR}/${FRAMEWORKS_FOLDER_PATH}/Result.framework",
				"${TARGET_BUILD_DIR}/${FRAMEWORKS_FOLDER_PATH}/RxCocoa.framework",
				"${TARGET_BUILD_DIR}/${FRAMEWORKS_FOLDER_PATH}/RxSwift.framework",
				"${TARGET_BUILD_DIR}/${FRAMEWORKS_FOLDER_PATH}/SDWebImage.framework",
				"${TARGET_BUILD_DIR}/${FRAMEWORKS_FOLDER_PATH}/SlideMenuControllerSwift.framework",
				"${TARGET_BUILD_DIR}/${FRAMEWORKS_FOLDER_PATH}/UILoadControl.framework",
			);
			runOnlyForDeploymentPostprocessing = 0;
			shellPath = /bin/sh;
			shellScript = "\"${SRCROOT}/Pods/Target Support Files/Pods-WongYiuNam-User/Pods-WongYiuNam-User-frameworks.sh\"\n";
			showEnvVarsInLog = 0;
		};
		2FB2645B91F320E49B397627 /* [CP] Check Pods Manifest.lock */ = {
			isa = PBXShellScriptBuildPhase;
			buildActionMask = 2147483647;
			files = (
			);
			inputPaths = (
				"${PODS_PODFILE_DIR_PATH}/Podfile.lock",
				"${PODS_ROOT}/Manifest.lock",
			);
			name = "[CP] Check Pods Manifest.lock";
			outputPaths = (
				"$(DERIVED_FILE_DIR)/Pods-WongYiuNam-User-checkManifestLockResult.txt",
			);
			runOnlyForDeploymentPostprocessing = 0;
			shellPath = /bin/sh;
			shellScript = "diff \"${PODS_PODFILE_DIR_PATH}/Podfile.lock\" \"${PODS_ROOT}/Manifest.lock\" > /dev/null\nif [ $? != 0 ] ; then\n    # print error to STDERR\n    echo \"error: The sandbox is not in sync with the Podfile.lock. Run 'pod install' or update your CocoaPods installation.\" >&2\n    exit 1\nfi\n# This output is used by Xcode 'outputs' to avoid re-running this script phase.\necho \"SUCCESS\" > \"${SCRIPT_OUTPUT_FILE_0}\"\n";
			showEnvVarsInLog = 0;
		};
		A3F278E9BE56F9DB20B60356 /* [CP] Copy Pods Resources */ = {
			isa = PBXShellScriptBuildPhase;
			buildActionMask = 2147483647;
			files = (
			);
			inputPaths = (
			);
			name = "[CP] Copy Pods Resources";
			outputPaths = (
			);
			runOnlyForDeploymentPostprocessing = 0;
			shellPath = /bin/sh;
			shellScript = "\"${SRCROOT}/Pods/Target Support Files/Pods-WongYiuNam-User/Pods-WongYiuNam-User-resources.sh\"\n";
			showEnvVarsInLog = 0;
		};
/* End PBXShellScriptBuildPhase section */

/* Begin PBXSourcesBuildPhase section */
		66EEFD891F5FDE0900C5C77A /* Sources */ = {
			isa = PBXSourcesBuildPhase;
			buildActionMask = 2147483647;
			files = (
				66EEFD911F5FDE0900C5C77A /* AppDelegate.swift in Sources */,
				8421A7F51F6A3E2E007406D3 /* DayInScheduleView.swift in Sources */,
				849A949E1F6007B1008ACB28 /* UIImageView.swift in Sources */,
				84C8C9071F67D49700AA5709 /* PayaQuestionViewController.swift in Sources */,
				8427D7451F60FA3A007B34F4 /* UIViewController.swift in Sources */,
				847A874F1F7E8368001A3A48 /* ErrorResponse.swift in Sources */,
				8452B6B31F72812B00781AD7 /* ProductCell.swift in Sources */,
				84ED80A21F70D8A100BE256F /* BaseViewController.swift in Sources */,
				8427D7471F6100D2007B34F4 /* UploadPrescriptionViewController.swift in Sources */,
				8427D74D1F610123007B34F4 /* UserAgreementViewController.swift in Sources */,
				84BE669C1F7500950025AAF6 /* ForgotPasswordViewController.swift in Sources */,
				84E363C21F62908E008E1596 /* NotificationsViewController.swift in Sources */,
				849A94881F600510008ACB28 /* UIApplication.swift in Sources */,
				849A94861F600504008ACB28 /* UIColor.swift in Sources */,
				84E363BE1F6281C5008E1596 /* Global.swift in Sources */,
				84C8C90E1F67FBA300AA5709 /* Camera.swift in Sources */,
				84F0A4D21F6F6EEE007B5385 /* Doctor.swift in Sources */,
				849A94921F600746008ACB28 /* ImageHeaderView.swift in Sources */,
				84C10CF91F66792B000B3CEF /* ListenToAnswerViewController.swift in Sources */,
				84A72FD41F692DA7001B30E0 /* ApiManager.swift in Sources */,
				849A948E1F60064F008ACB28 /* LeftViewController.swift in Sources */,
				84C10CF51F6678E0000B3CEF /* DoctorIntroductionViewController.swift in Sources */,
				84F0A4D81F6F7B4B007B5385 /* DRPLoadingSpinner.swift in Sources */,
				849A94791F60042F008ACB28 /* AskaDoctorViewController.swift in Sources */,
				847A87511F7EAC8D001A3A48 /* Answer.swift in Sources */,
				8427D7521F6122B2007B34F4 /* MenuTableViewCell.swift in Sources */,
				84C954071F7A67650033B110 /* Utils.swift in Sources */,
				84F91E761F7CFCBA0034DBFA /* Question.swift in Sources */,
				8427D7491F6100F9007B34F4 /* HelpCentreViewController.swift in Sources */,
				84C8C90C1F67EE1300AA5709 /* CheckBoxButton.swift in Sources */,
				849A947C1F60042F008ACB28 /* SocialWallViewController.swift in Sources */,
				849A94A01F600802008ACB28 /* UIImage.swift in Sources */,
				8452B6AF1F725D8300781AD7 /* CustomWebView.swift in Sources */,
				84E363C41F6290A1008E1596 /* InviteaFriendViewController.swift in Sources */,
				84C8C9091F67D4A600AA5709 /* DoneaQuestionViewController.swift in Sources */,
				849A947A1F60042F008ACB28 /* HomeViewController.swift in Sources */,
				8452B6B61F7284D600781AD7 /* FavoriteButton.swift in Sources */,
				849A948A1F60052D008ACB28 /* String.swift in Sources */,
				84A72FDB1F69483B001B30E0 /* RegisterViewController.swift in Sources */,
				8427D74F1F610194007B34F4 /* AboutUsViewController.swift in Sources */,
				84A72FD91F69482F001B30E0 /* SignInViewController.swift in Sources */,
				84F0A4CF1F6F6E8D007B5385 /* MyServerAPI.swift in Sources */,
				8427D74B1F610110007B34F4 /* PrivacyPolicyViewController.swift in Sources */,
				84C10CF71F6678F7000B3CEF /* AskaQuestionViewController.swift in Sources */,
				849A947B1F60042F008ACB28 /* OnlineShopViewController.swift in Sources */,
				849A94A21F600A8C008ACB28 /* UIView.swift in Sources */,
				849A948D1F60064F008ACB28 /* ExSlideMenuController.swift in Sources */,
				66A3BD2E1F70D21200783BA5 /* PagingResponse.swift in Sources */,
				840C03B21F78FE0A009D86CD /* DataManager.swift in Sources */,
				849A949C1F60078A008ACB28 /* UITableViewExtension.swift in Sources */,
				840C03B01F78AE72009D86CD /* User.swift in Sources */,
			);
			runOnlyForDeploymentPostprocessing = 0;
		};
		66EEFD9D1F5FDE0900C5C77A /* Sources */ = {
			isa = PBXSourcesBuildPhase;
			buildActionMask = 2147483647;
			files = (
				66EEFDA61F5FDE0900C5C77A /* WongYiuNam_UserTests.swift in Sources */,
			);
			runOnlyForDeploymentPostprocessing = 0;
		};
		66EEFDA81F5FDE0900C5C77A /* Sources */ = {
			isa = PBXSourcesBuildPhase;
			buildActionMask = 2147483647;
			files = (
				66EEFDB11F5FDE0900C5C77A /* WongYiuNam_UserUITests.swift in Sources */,
			);
			runOnlyForDeploymentPostprocessing = 0;
		};
/* End PBXSourcesBuildPhase section */

/* Begin PBXTargetDependency section */
		66EEFDA31F5FDE0900C5C77A /* PBXTargetDependency */ = {
			isa = PBXTargetDependency;
			target = 66EEFD8C1F5FDE0900C5C77A /* WongYiuNam-User */;
			targetProxy = 66EEFDA21F5FDE0900C5C77A /* PBXContainerItemProxy */;
		};
		66EEFDAE1F5FDE0900C5C77A /* PBXTargetDependency */ = {
			isa = PBXTargetDependency;
			target = 66EEFD8C1F5FDE0900C5C77A /* WongYiuNam-User */;
			targetProxy = 66EEFDAD1F5FDE0900C5C77A /* PBXContainerItemProxy */;
		};
/* End PBXTargetDependency section */

/* Begin PBXVariantGroup section */
		66EEFD991F5FDE0900C5C77A /* LaunchScreen.storyboard */ = {
			isa = PBXVariantGroup;
			children = (
				66EEFD9A1F5FDE0900C5C77A /* Base */,
			);
			name = LaunchScreen.storyboard;
			sourceTree = "<group>";
		};
		84C8C9021F6791A100AA5709 /* Main.storyboard */ = {
			isa = PBXVariantGroup;
			children = (
				84C8C9031F6791A100AA5709 /* Base */,
			);
			name = Main.storyboard;
			sourceTree = "<group>";
		};
/* End PBXVariantGroup section */

/* Begin XCBuildConfiguration section */
		66EEFDB31F5FDE0900C5C77A /* Debug */ = {
			isa = XCBuildConfiguration;
			buildSettings = {
				ALWAYS_SEARCH_USER_PATHS = NO;
				CLANG_ANALYZER_NONNULL = YES;
				CLANG_ANALYZER_NUMBER_OBJECT_CONVERSION = YES_AGGRESSIVE;
				CLANG_CXX_LANGUAGE_STANDARD = "gnu++0x";
				CLANG_CXX_LIBRARY = "libc++";
				CLANG_ENABLE_MODULES = YES;
				CLANG_ENABLE_OBJC_ARC = YES;
				CLANG_WARN_BLOCK_CAPTURE_AUTORELEASING = YES;
				CLANG_WARN_BOOL_CONVERSION = YES;
				CLANG_WARN_COMMA = YES;
				CLANG_WARN_CONSTANT_CONVERSION = YES;
				CLANG_WARN_DIRECT_OBJC_ISA_USAGE = YES_ERROR;
				CLANG_WARN_DOCUMENTATION_COMMENTS = YES;
				CLANG_WARN_EMPTY_BODY = YES;
				CLANG_WARN_ENUM_CONVERSION = YES;
				CLANG_WARN_INFINITE_RECURSION = YES;
				CLANG_WARN_INT_CONVERSION = YES;
				CLANG_WARN_NON_LITERAL_NULL_CONVERSION = YES;
				CLANG_WARN_OBJC_LITERAL_CONVERSION = YES;
				CLANG_WARN_OBJC_ROOT_CLASS = YES_ERROR;
				CLANG_WARN_RANGE_LOOP_ANALYSIS = YES;
				CLANG_WARN_STRICT_PROTOTYPES = YES;
				CLANG_WARN_SUSPICIOUS_MOVE = YES;
				CLANG_WARN_UNREACHABLE_CODE = YES;
				CLANG_WARN__DUPLICATE_METHOD_MATCH = YES;
				"CODE_SIGN_IDENTITY[sdk=iphoneos*]" = "iPhone Developer";
				COPY_PHASE_STRIP = NO;
				DEBUG_INFORMATION_FORMAT = dwarf;
				ENABLE_STRICT_OBJC_MSGSEND = YES;
				ENABLE_TESTABILITY = YES;
				GCC_C_LANGUAGE_STANDARD = gnu99;
				GCC_DYNAMIC_NO_PIC = NO;
				GCC_NO_COMMON_BLOCKS = YES;
				GCC_OPTIMIZATION_LEVEL = 0;
				GCC_PREPROCESSOR_DEFINITIONS = (
					"DEBUG=1",
					"$(inherited)",
				);
				GCC_WARN_64_TO_32_BIT_CONVERSION = YES;
				GCC_WARN_ABOUT_RETURN_TYPE = YES_ERROR;
				GCC_WARN_UNDECLARED_SELECTOR = YES;
				GCC_WARN_UNINITIALIZED_AUTOS = YES_AGGRESSIVE;
				GCC_WARN_UNUSED_FUNCTION = YES;
				GCC_WARN_UNUSED_VARIABLE = YES;
				IPHONEOS_DEPLOYMENT_TARGET = 10.3;
				MTL_ENABLE_DEBUG_INFO = YES;
				ONLY_ACTIVE_ARCH = YES;
				SDKROOT = iphoneos;
				SWIFT_ACTIVE_COMPILATION_CONDITIONS = DEBUG;
				SWIFT_OPTIMIZATION_LEVEL = "-Onone";
				TARGETED_DEVICE_FAMILY = "1,2";
			};
			name = Debug;
		};
		66EEFDB41F5FDE0900C5C77A /* Release */ = {
			isa = XCBuildConfiguration;
			buildSettings = {
				ALWAYS_SEARCH_USER_PATHS = NO;
				CLANG_ANALYZER_NONNULL = YES;
				CLANG_ANALYZER_NUMBER_OBJECT_CONVERSION = YES_AGGRESSIVE;
				CLANG_CXX_LANGUAGE_STANDARD = "gnu++0x";
				CLANG_CXX_LIBRARY = "libc++";
				CLANG_ENABLE_MODULES = YES;
				CLANG_ENABLE_OBJC_ARC = YES;
				CLANG_WARN_BLOCK_CAPTURE_AUTORELEASING = YES;
				CLANG_WARN_BOOL_CONVERSION = YES;
				CLANG_WARN_COMMA = YES;
				CLANG_WARN_CONSTANT_CONVERSION = YES;
				CLANG_WARN_DIRECT_OBJC_ISA_USAGE = YES_ERROR;
				CLANG_WARN_DOCUMENTATION_COMMENTS = YES;
				CLANG_WARN_EMPTY_BODY = YES;
				CLANG_WARN_ENUM_CONVERSION = YES;
				CLANG_WARN_INFINITE_RECURSION = YES;
				CLANG_WARN_INT_CONVERSION = YES;
				CLANG_WARN_NON_LITERAL_NULL_CONVERSION = YES;
				CLANG_WARN_OBJC_LITERAL_CONVERSION = YES;
				CLANG_WARN_OBJC_ROOT_CLASS = YES_ERROR;
				CLANG_WARN_RANGE_LOOP_ANALYSIS = YES;
				CLANG_WARN_STRICT_PROTOTYPES = YES;
				CLANG_WARN_SUSPICIOUS_MOVE = YES;
				CLANG_WARN_UNREACHABLE_CODE = YES;
				CLANG_WARN__DUPLICATE_METHOD_MATCH = YES;
				"CODE_SIGN_IDENTITY[sdk=iphoneos*]" = "iPhone Developer";
				COPY_PHASE_STRIP = NO;
				DEBUG_INFORMATION_FORMAT = "dwarf-with-dsym";
				ENABLE_NS_ASSERTIONS = NO;
				ENABLE_STRICT_OBJC_MSGSEND = YES;
				GCC_C_LANGUAGE_STANDARD = gnu99;
				GCC_NO_COMMON_BLOCKS = YES;
				GCC_WARN_64_TO_32_BIT_CONVERSION = YES;
				GCC_WARN_ABOUT_RETURN_TYPE = YES_ERROR;
				GCC_WARN_UNDECLARED_SELECTOR = YES;
				GCC_WARN_UNINITIALIZED_AUTOS = YES_AGGRESSIVE;
				GCC_WARN_UNUSED_FUNCTION = YES;
				GCC_WARN_UNUSED_VARIABLE = YES;
				IPHONEOS_DEPLOYMENT_TARGET = 10.3;
				MTL_ENABLE_DEBUG_INFO = NO;
				SDKROOT = iphoneos;
				SWIFT_OPTIMIZATION_LEVEL = "-Owholemodule";
				TARGETED_DEVICE_FAMILY = "1,2";
				VALIDATE_PRODUCT = YES;
			};
			name = Release;
		};
		66EEFDB61F5FDE0900C5C77A /* Debug */ = {
			isa = XCBuildConfiguration;
			baseConfigurationReference = 692292A5BEAC4BDC20076DB8 /* Pods-WongYiuNam-User.debug.xcconfig */;
			buildSettings = {
				ASSETCATALOG_COMPILER_APPICON_NAME = AppIcon;
				DEVELOPMENT_TEAM = 8AN899D996;
				INFOPLIST_FILE = "WongYiuNam-User/Info.plist";
				IPHONEOS_DEPLOYMENT_TARGET = 9.0;
				LD_RUNPATH_SEARCH_PATHS = "$(inherited) @executable_path/Frameworks";
				PRODUCT_BUNDLE_IDENTIFIER = com.rth.wongyiunam.ios;
				PRODUCT_NAME = "$(TARGET_NAME)";
				PROVISIONING_PROFILE = "0b19ec55-f528-41c0-9492-468185a07d28";
				PROVISIONING_PROFILE_SPECIFIER = "match Development com.rth.wongyiunam.ios";
				SWIFT_SWIFT3_OBJC_INFERENCE = On;
				SWIFT_VERSION = 4.0;
			};
			name = Debug;
		};
		66EEFDB71F5FDE0900C5C77A /* Release */ = {
			isa = XCBuildConfiguration;
			baseConfigurationReference = A4F52D4B48895826B569298B /* Pods-WongYiuNam-User.release.xcconfig */;
			buildSettings = {
				ASSETCATALOG_COMPILER_APPICON_NAME = AppIcon;
				"CODE_SIGN_IDENTITY[sdk=iphoneos*]" = "iPhone Distribution";
				DEVELOPMENT_TEAM = 8AN899D996;
				INFOPLIST_FILE = "WongYiuNam-User/Info.plist";
				IPHONEOS_DEPLOYMENT_TARGET = 9.0;
				LD_RUNPATH_SEARCH_PATHS = "$(inherited) @executable_path/Frameworks";
				PRODUCT_BUNDLE_IDENTIFIER = com.rth.wongyiunam.ios;
				PRODUCT_NAME = "$(TARGET_NAME)";
				PROVISIONING_PROFILE = "ce843c04-c30d-4746-b89b-20fb3b89ad50";
				PROVISIONING_PROFILE_SPECIFIER = "match AppStore com.rth.wongyiunam.ios";
				SWIFT_SWIFT3_OBJC_INFERENCE = On;
				SWIFT_VERSION = 4.0;
			};
			name = Release;
		};
		66EEFDB91F5FDE0900C5C77A /* Debug */ = {
			isa = XCBuildConfiguration;
			buildSettings = {
				ALWAYS_EMBED_SWIFT_STANDARD_LIBRARIES = YES;
				BUNDLE_LOADER = "$(TEST_HOST)";
				DEVELOPMENT_TEAM = 8AN899D996;
				INFOPLIST_FILE = "WongYiuNam-UserTests/Info.plist";
				LD_RUNPATH_SEARCH_PATHS = "$(inherited) @executable_path/Frameworks @loader_path/Frameworks";
				PRODUCT_BUNDLE_IDENTIFIER = "com.robusttechhouse.WongYiuNam-UserTests";
				PRODUCT_NAME = "$(TARGET_NAME)";
				SWIFT_SWIFT3_OBJC_INFERENCE = On;
				SWIFT_VERSION = 4.0;
				TEST_HOST = "$(BUILT_PRODUCTS_DIR)/WongYiuNam-User.app/WongYiuNam-User";
			};
			name = Debug;
		};
		66EEFDBA1F5FDE0900C5C77A /* Release */ = {
			isa = XCBuildConfiguration;
			buildSettings = {
				ALWAYS_EMBED_SWIFT_STANDARD_LIBRARIES = YES;
				BUNDLE_LOADER = "$(TEST_HOST)";
				DEVELOPMENT_TEAM = 8AN899D996;
				INFOPLIST_FILE = "WongYiuNam-UserTests/Info.plist";
				LD_RUNPATH_SEARCH_PATHS = "$(inherited) @executable_path/Frameworks @loader_path/Frameworks";
				PRODUCT_BUNDLE_IDENTIFIER = "com.robusttechhouse.WongYiuNam-UserTests";
				PRODUCT_NAME = "$(TARGET_NAME)";
				SWIFT_SWIFT3_OBJC_INFERENCE = On;
				SWIFT_VERSION = 4.0;
				TEST_HOST = "$(BUILT_PRODUCTS_DIR)/WongYiuNam-User.app/WongYiuNam-User";
			};
			name = Release;
		};
		66EEFDBC1F5FDE0900C5C77A /* Debug */ = {
			isa = XCBuildConfiguration;
			buildSettings = {
				ALWAYS_EMBED_SWIFT_STANDARD_LIBRARIES = YES;
				DEVELOPMENT_TEAM = 8AN899D996;
				INFOPLIST_FILE = "WongYiuNam-UserUITests/Info.plist";
				LD_RUNPATH_SEARCH_PATHS = "$(inherited) @executable_path/Frameworks @loader_path/Frameworks";
				PRODUCT_BUNDLE_IDENTIFIER = "com.robusttechhouse.WongYiuNam-UserUITests";
				PRODUCT_NAME = "$(TARGET_NAME)";
				SWIFT_SWIFT3_OBJC_INFERENCE = On;
				SWIFT_VERSION = 4.0;
				TEST_TARGET_NAME = "WongYiuNam-User";
			};
			name = Debug;
		};
		66EEFDBD1F5FDE0900C5C77A /* Release */ = {
			isa = XCBuildConfiguration;
			buildSettings = {
				ALWAYS_EMBED_SWIFT_STANDARD_LIBRARIES = YES;
				DEVELOPMENT_TEAM = 8AN899D996;
				INFOPLIST_FILE = "WongYiuNam-UserUITests/Info.plist";
				LD_RUNPATH_SEARCH_PATHS = "$(inherited) @executable_path/Frameworks @loader_path/Frameworks";
				PRODUCT_BUNDLE_IDENTIFIER = "com.robusttechhouse.WongYiuNam-UserUITests";
				PRODUCT_NAME = "$(TARGET_NAME)";
				SWIFT_SWIFT3_OBJC_INFERENCE = On;
				SWIFT_VERSION = 4.0;
				TEST_TARGET_NAME = "WongYiuNam-User";
			};
			name = Release;
		};
/* End XCBuildConfiguration section */

/* Begin XCConfigurationList section */
		66EEFD881F5FDE0800C5C77A /* Build configuration list for PBXProject "WongYiuNam-User" */ = {
			isa = XCConfigurationList;
			buildConfigurations = (
				66EEFDB31F5FDE0900C5C77A /* Debug */,
				66EEFDB41F5FDE0900C5C77A /* Release */,
			);
			defaultConfigurationIsVisible = 0;
			defaultConfigurationName = Release;
		};
		66EEFDB51F5FDE0900C5C77A /* Build configuration list for PBXNativeTarget "WongYiuNam-User" */ = {
			isa = XCConfigurationList;
			buildConfigurations = (
				66EEFDB61F5FDE0900C5C77A /* Debug */,
				66EEFDB71F5FDE0900C5C77A /* Release */,
			);
			defaultConfigurationIsVisible = 0;
			defaultConfigurationName = Release;
		};
		66EEFDB81F5FDE0900C5C77A /* Build configuration list for PBXNativeTarget "WongYiuNam-UserTests" */ = {
			isa = XCConfigurationList;
			buildConfigurations = (
				66EEFDB91F5FDE0900C5C77A /* Debug */,
				66EEFDBA1F5FDE0900C5C77A /* Release */,
			);
			defaultConfigurationIsVisible = 0;
			defaultConfigurationName = Release;
		};
		66EEFDBB1F5FDE0900C5C77A /* Build configuration list for PBXNativeTarget "WongYiuNam-UserUITests" */ = {
			isa = XCConfigurationList;
			buildConfigurations = (
				66EEFDBC1F5FDE0900C5C77A /* Debug */,
				66EEFDBD1F5FDE0900C5C77A /* Release */,
			);
			defaultConfigurationIsVisible = 0;
			defaultConfigurationName = Release;
		};
/* End XCConfigurationList section */
	};
	rootObject = 66EEFD851F5FDE0800C5C77A /* Project object */;
}
